
Microsoft Visual Studio Solution File, Format Version 12.00
# Visual Studio Version 17
VisualStudioVersion = 17.1.32228.430
MinimumVisualStudioVersion = 10.0.40219.1
Project("{FAE04EC0-301F-11D3-BF4B-00C04F79EFBC}") = "BloogBot", "BloogBot\BloogBot.csproj", "{0901E784-2977-437E-8A2C-C70F0184EEFB}"
EndProject
Project("{FAE04EC0-301F-11D3-BF4B-00C04F79EFBC}") = "Bootstrapper", "Bootstrapper\Bootstrapper.csproj", "{8089F843-94CA-4348-8C1B-8B443B224E94}"
	ProjectSection(ProjectDependencies) = postProject
		{0901E784-2977-437E-8A2C-C70F0184EEFB} = {0901E784-2977-437E-8A2C-C70F0184EEFB}
		{8E623BB1-1B7B-4F8E-A051-72F53A9AB620} = {8E623BB1-1B7B-4F8E-A051-72F53A9AB620}
		{C5ED9E2F-C166-4D4C-9E65-47035C38B3EA} = {C5ED9E2F-C166-4D4C-9E65-47035C38B3EA}
		{C817858E-0656-4211-934B-C672998EDDB3} = {C817858E-0656-4211-934B-C672998EDDB3}
	EndProjectSection
EndProject
Project("{8BC9CEB8-8B4A-11D0-8D11-00A0C91BC942}") = "FastCall", "FastCall\FastCall.vcxproj", "{C5ED9E2F-C166-4D4C-9E65-47035C38B3EA}"
EndProject
Project("{FAE04EC0-301F-11D3-BF4B-00C04F79EFBC}") = "ProtectionWarriorBot", "ProtectionWarriorBot\ProtectionWarriorBot.csproj", "{88C63D3D-2C7C-4E99-A225-F51B57FA4078}"
EndProject
Project("{8BC9CEB8-8B4A-11D0-8D11-00A0C91BC942}") = "Navigation", "Navigation\Navigation.vcxproj", "{8E623BB1-1B7B-4F8E-A051-72F53A9AB620}"
EndProject
Project("{8BC9CEB8-8B4A-11D0-8D11-00A0C91BC942}") = "NavigationTests", "NavigationTests\NavigationTests.vcxproj", "{339B8C16-CAD4-467B-B1F3-F10F7E80F944}"
EndProject
Project("{FAE04EC0-301F-11D3-BF4B-00C04F79EFBC}") = "ArcaneMageBot", "ArcaneMageBot\ArcaneMageBot.csproj", "{08772433-7D9D-4020-84A0-EEB307ADF232}"
EndProject
Project("{FAE04EC0-301F-11D3-BF4B-00C04F79EFBC}") = "FuryWarriorBot", "FuryWarriorBot\FuryWarriorBot.csproj", "{F645320C-B954-4057-8F54-8968F8CD581F}"
EndProject
Project("{FAE04EC0-301F-11D3-BF4B-00C04F79EFBC}") = "EnhancementShamanBot", "EnhancementShamanBot\EnhancementShamanBot.csproj", "{DD637F14-AB72-4175-A830-5D51ADBA5525}"
EndProject
Project("{FAE04EC0-301F-11D3-BF4B-00C04F79EFBC}") = "FeralDruidBot", "FeralDruidBot\FeralDruidBot.csproj", "{4577787E-206C-4723-A2BC-1C034E8E3E14}"
EndProject
Project("{2150E333-8FDC-42A3-9474-1A3956D46DE8}") = "Bots", "Bots", "{9EA6DDFC-036A-49B7-A4FA-AF875355BC2E}"
EndProject
Project("{FAE04EC0-301F-11D3-BF4B-00C04F79EFBC}") = "ProtectionPaladinBot", "ProtectionPaladinBot\ProtectionPaladinBot.csproj", "{CC021DAC-32EE-4BCB-858D-1851639963D6}"
EndProject
Project("{FAE04EC0-301F-11D3-BF4B-00C04F79EFBC}") = "ElementalShamanBot", "ElementalShamanBot\ElementalShamanBot.csproj", "{0273BAE7-FF35-4FAA-8DA9-E68CB3F83222}"
EndProject
Project("{FAE04EC0-301F-11D3-BF4B-00C04F79EFBC}") = "FrostMageBot", "FrostMageBot\FrostMageBot.csproj", "{C774A493-4387-43FA-9DAA-A60A2D2CA582}"
EndProject
Project("{FAE04EC0-301F-11D3-BF4B-00C04F79EFBC}") = "ShadowPriestBot", "ShadowPriestBot\ShadowPriestBot.csproj", "{DECF1A62-CF5D-4DC2-9011-54C88BAB4617}"
EndProject
Project("{FAE04EC0-301F-11D3-BF4B-00C04F79EFBC}") = "BeastmasterHunterBot", "BeastmasterHunterBot\BeastmasterHunterBot.csproj", "{09AD29DC-C64C-495F-B341-2B515FAABFF6}"
EndProject
Project("{FAE04EC0-301F-11D3-BF4B-00C04F79EFBC}") = "AfflictionWarlockBot", "AfflictionWarlockBot\AfflictionWarlockBot.csproj", "{B68A11FD-B69D-4F9E-B5AB-7BABA55E1EF5}"
EndProject
Project("{FAE04EC0-301F-11D3-BF4B-00C04F79EFBC}") = "CombatRogueBot", "CombatRogueBot\CombatRogueBot.csproj", "{6531F952-9097-4659-B638-0D47E0B84031}"
EndProject
Project("{FAE04EC0-301F-11D3-BF4B-00C04F79EFBC}") = "TestBot", "TestBot.cs\TestBot.csproj", "{44304F6F-6B0A-40A7-96B4-1EAAF3DB250E}"
EndProject
Project("{FAE04EC0-301F-11D3-BF4B-00C04F79EFBC}") = "BackstabRogueBot", "BackstabRogueBot\BackstabRogueBot.csproj", "{BBB6AC2F-5D7B-4448-9A82-B32C1781271B}"
EndProject
Project("{FAE04EC0-301F-11D3-BF4B-00C04F79EFBC}") = "BalanceDruidBot", "BalanceDruidBot\BalanceDruidBot.csproj", "{7516E73C-154E-4660-8E0A-7D92B4286054}"
EndProject
Project("{FAE04EC0-301F-11D3-BF4B-00C04F79EFBC}") = "ArmsWarriorBot", "ArmsWarriorBot\ArmsWarriorBot.csproj", "{6D987661-3693-4468-AEBF-17E7AB2A7220}"
EndProject
Project("{FAE04EC0-301F-11D3-BF4B-00C04F79EFBC}") = "RetributionPaladinBot", "RetributionPaladinBot\RetributionPaladinBot.csproj", "{58C5DD06-2BCC-47B7-95C4-90B807B89DCC}"
EndProject
Project("{8BC9CEB8-8B4A-11D0-8D11-00A0C91BC942}") = "Loader", "Loader\Loader.vcxproj", "{C817858E-0656-4211-934B-C672998EDDB3}"
EndProject
Project("{2150E333-8FDC-42A3-9474-1A3956D46DE8}") = "_SolutionItems", "_SolutionItems", "{8BB7B492-B58F-466F-8B7E-50984944589A}"
	ProjectSection(SolutionItems) = preProject
		.gitignore = .gitignore
		LICENSE = LICENSE
		README.md = README.md
	EndProjectSection
EndProject
Project("{FAE04EC0-301F-11D3-BF4B-00C04F79EFBC}") = "BloogBotTests", "BloogBotTests\BloogBotTests.csproj", "{827E1CEE-7D53-4E99-BC27-9890995040C8}"
EndProject
Project("{2150E333-8FDC-42A3-9474-1A3956D46DE8}") = "Release", "Release", "{096084F2-AFA4-4281-B283-F964F597E0B3}"
	ProjectSection(SolutionItems) = preProject
		Bot\Release\bootstrapperSettings.json = Bot\Release\bootstrapperSettings.json
		Bot\Release\botSettings.json = Bot\Release\botSettings.json
	EndProjectSection
EndProject
Project("{2150E333-8FDC-42A3-9474-1A3956D46DE8}") = "Debug", "Debug", "{CA549491-B5F1-4BB0-98E2-65B15113D2AA}"
	ProjectSection(SolutionItems) = preProject
		Bot\bootstrapperSettings.json = Bot\bootstrapperSettings.json
		Bot\botSettings.json = Bot\botSettings.json
	EndProjectSection
EndProject
Project("{2150E333-8FDC-42A3-9474-1A3956D46DE8}") = "Docs", "Docs", "{8989E783-85C5-4A83-9E45-D3AA7D224106}"
	ProjectSection(SolutionItems) = preProject
		Docs\FAQ.md = Docs\FAQ.md
		Docs\Intro.md = Docs\Intro.md
	EndProjectSection
EndProject
Global
	GlobalSection(SolutionConfigurationPlatforms) = preSolution
		Debug|x86 = Debug|x86
		Release|x86 = Release|x86
	EndGlobalSection
	GlobalSection(ProjectConfigurationPlatforms) = postSolution
		{0901E784-2977-437E-8A2C-C70F0184EEFB}.Debug|x86.ActiveCfg = Debug|x86
		{0901E784-2977-437E-8A2C-C70F0184EEFB}.Debug|x86.Build.0 = Debug|x86
		{0901E784-2977-437E-8A2C-C70F0184EEFB}.Release|x86.ActiveCfg = Release|x86
		{0901E784-2977-437E-8A2C-C70F0184EEFB}.Release|x86.Build.0 = Release|x86
		{8089F843-94CA-4348-8C1B-8B443B224E94}.Debug|x86.ActiveCfg = Debug|x86
		{8089F843-94CA-4348-8C1B-8B443B224E94}.Debug|x86.Build.0 = Debug|x86
		{8089F843-94CA-4348-8C1B-8B443B224E94}.Release|x86.ActiveCfg = Release|x86
		{8089F843-94CA-4348-8C1B-8B443B224E94}.Release|x86.Build.0 = Release|x86
		{C5ED9E2F-C166-4D4C-9E65-47035C38B3EA}.Debug|x86.ActiveCfg = Debug|Win32
		{C5ED9E2F-C166-4D4C-9E65-47035C38B3EA}.Debug|x86.Build.0 = Debug|Win32
		{C5ED9E2F-C166-4D4C-9E65-47035C38B3EA}.Release|x86.ActiveCfg = Release|Win32
		{C5ED9E2F-C166-4D4C-9E65-47035C38B3EA}.Release|x86.Build.0 = Release|Win32
		{88C63D3D-2C7C-4E99-A225-F51B57FA4078}.Debug|x86.ActiveCfg = Debug|x86
		{88C63D3D-2C7C-4E99-A225-F51B57FA4078}.Debug|x86.Build.0 = Debug|x86
		{88C63D3D-2C7C-4E99-A225-F51B57FA4078}.Release|x86.ActiveCfg = Release|x86
		{88C63D3D-2C7C-4E99-A225-F51B57FA4078}.Release|x86.Build.0 = Release|x86
		{8E623BB1-1B7B-4F8E-A051-72F53A9AB620}.Debug|x86.ActiveCfg = Debug|Win32
		{8E623BB1-1B7B-4F8E-A051-72F53A9AB620}.Debug|x86.Build.0 = Debug|Win32
		{8E623BB1-1B7B-4F8E-A051-72F53A9AB620}.Release|x86.ActiveCfg = Release|Win32
		{8E623BB1-1B7B-4F8E-A051-72F53A9AB620}.Release|x86.Build.0 = Release|Win32
		{339B8C16-CAD4-467B-B1F3-F10F7E80F944}.Debug|x86.ActiveCfg = Debug|Win32
		{339B8C16-CAD4-467B-B1F3-F10F7E80F944}.Debug|x86.Build.0 = Debug|Win32
		{339B8C16-CAD4-467B-B1F3-F10F7E80F944}.Release|x86.ActiveCfg = Release|Win32
		{339B8C16-CAD4-467B-B1F3-F10F7E80F944}.Release|x86.Build.0 = Release|Win32
		{08772433-7D9D-4020-84A0-EEB307ADF232}.Debug|x86.ActiveCfg = Debug|x86
		{08772433-7D9D-4020-84A0-EEB307ADF232}.Debug|x86.Build.0 = Debug|x86
		{08772433-7D9D-4020-84A0-EEB307ADF232}.Release|x86.ActiveCfg = Release|x86
		{08772433-7D9D-4020-84A0-EEB307ADF232}.Release|x86.Build.0 = Release|x86
		{F645320C-B954-4057-8F54-8968F8CD581F}.Debug|x86.ActiveCfg = Debug|x86
		{F645320C-B954-4057-8F54-8968F8CD581F}.Debug|x86.Build.0 = Debug|x86
		{F645320C-B954-4057-8F54-8968F8CD581F}.Release|x86.ActiveCfg = Release|x86
		{F645320C-B954-4057-8F54-8968F8CD581F}.Release|x86.Build.0 = Release|x86
		{DD637F14-AB72-4175-A830-5D51ADBA5525}.Debug|x86.ActiveCfg = Debug|x86
		{DD637F14-AB72-4175-A830-5D51ADBA5525}.Debug|x86.Build.0 = Debug|x86
		{DD637F14-AB72-4175-A830-5D51ADBA5525}.Release|x86.ActiveCfg = Release|x86
		{DD637F14-AB72-4175-A830-5D51ADBA5525}.Release|x86.Build.0 = Release|x86
		{4577787E-206C-4723-A2BC-1C034E8E3E14}.Debug|x86.ActiveCfg = Debug|x86
		{4577787E-206C-4723-A2BC-1C034E8E3E14}.Debug|x86.Build.0 = Debug|x86
		{4577787E-206C-4723-A2BC-1C034E8E3E14}.Release|x86.ActiveCfg = Release|x86
		{4577787E-206C-4723-A2BC-1C034E8E3E14}.Release|x86.Build.0 = Release|x86
		{CC021DAC-32EE-4BCB-858D-1851639963D6}.Debug|x86.ActiveCfg = Debug|x86
		{CC021DAC-32EE-4BCB-858D-1851639963D6}.Debug|x86.Build.0 = Debug|x86
		{CC021DAC-32EE-4BCB-858D-1851639963D6}.Release|x86.ActiveCfg = Release|x86
		{CC021DAC-32EE-4BCB-858D-1851639963D6}.Release|x86.Build.0 = Release|x86
		{0273BAE7-FF35-4FAA-8DA9-E68CB3F83222}.Debug|x86.ActiveCfg = Debug|x86
		{0273BAE7-FF35-4FAA-8DA9-E68CB3F83222}.Debug|x86.Build.0 = Debug|x86
		{0273BAE7-FF35-4FAA-8DA9-E68CB3F83222}.Release|x86.ActiveCfg = Release|x86
		{0273BAE7-FF35-4FAA-8DA9-E68CB3F83222}.Release|x86.Build.0 = Release|x86
		{C774A493-4387-43FA-9DAA-A60A2D2CA582}.Debug|x86.ActiveCfg = Debug|x86
		{C774A493-4387-43FA-9DAA-A60A2D2CA582}.Debug|x86.Build.0 = Debug|x86
		{C774A493-4387-43FA-9DAA-A60A2D2CA582}.Release|x86.ActiveCfg = Release|x86
		{C774A493-4387-43FA-9DAA-A60A2D2CA582}.Release|x86.Build.0 = Release|x86
		{DECF1A62-CF5D-4DC2-9011-54C88BAB4617}.Debug|x86.ActiveCfg = Debug|x86
		{DECF1A62-CF5D-4DC2-9011-54C88BAB4617}.Debug|x86.Build.0 = Debug|x86
		{DECF1A62-CF5D-4DC2-9011-54C88BAB4617}.Release|x86.ActiveCfg = Release|x86
		{DECF1A62-CF5D-4DC2-9011-54C88BAB4617}.Release|x86.Build.0 = Release|x86
		{09AD29DC-C64C-495F-B341-2B515FAABFF6}.Debug|x86.ActiveCfg = Debug|x86
		{09AD29DC-C64C-495F-B341-2B515FAABFF6}.Debug|x86.Build.0 = Debug|x86
		{09AD29DC-C64C-495F-B341-2B515FAABFF6}.Release|x86.ActiveCfg = Release|x86
		{09AD29DC-C64C-495F-B341-2B515FAABFF6}.Release|x86.Build.0 = Release|x86
		{B68A11FD-B69D-4F9E-B5AB-7BABA55E1EF5}.Debug|x86.ActiveCfg = Debug|x86
		{B68A11FD-B69D-4F9E-B5AB-7BABA55E1EF5}.Debug|x86.Build.0 = Debug|x86
		{B68A11FD-B69D-4F9E-B5AB-7BABA55E1EF5}.Release|x86.ActiveCfg = Release|x86
		{B68A11FD-B69D-4F9E-B5AB-7BABA55E1EF5}.Release|x86.Build.0 = Release|x86
		{6531F952-9097-4659-B638-0D47E0B84031}.Debug|x86.ActiveCfg = Debug|x86
		{6531F952-9097-4659-B638-0D47E0B84031}.Debug|x86.Build.0 = Debug|x86
		{6531F952-9097-4659-B638-0D47E0B84031}.Release|x86.ActiveCfg = Release|x86
		{6531F952-9097-4659-B638-0D47E0B84031}.Release|x86.Build.0 = Release|x86
		{44304F6F-6B0A-40A7-96B4-1EAAF3DB250E}.Debug|x86.ActiveCfg = Debug|x86
		{44304F6F-6B0A-40A7-96B4-1EAAF3DB250E}.Debug|x86.Build.0 = Debug|x86
		{44304F6F-6B0A-40A7-96B4-1EAAF3DB250E}.Release|x86.ActiveCfg = Release|x86
		{44304F6F-6B0A-40A7-96B4-1EAAF3DB250E}.Release|x86.Build.0 = Release|x86
		{BBB6AC2F-5D7B-4448-9A82-B32C1781271B}.Debug|x86.ActiveCfg = Debug|x86
		{BBB6AC2F-5D7B-4448-9A82-B32C1781271B}.Debug|x86.Build.0 = Debug|x86
		{BBB6AC2F-5D7B-4448-9A82-B32C1781271B}.Release|x86.ActiveCfg = Release|x86
		{BBB6AC2F-5D7B-4448-9A82-B32C1781271B}.Release|x86.Build.0 = Release|x86
		{7516E73C-154E-4660-8E0A-7D92B4286054}.Debug|x86.ActiveCfg = Debug|x86
		{7516E73C-154E-4660-8E0A-7D92B4286054}.Debug|x86.Build.0 = Debug|x86
		{7516E73C-154E-4660-8E0A-7D92B4286054}.Release|x86.ActiveCfg = Release|x86
		{7516E73C-154E-4660-8E0A-7D92B4286054}.Release|x86.Build.0 = Release|x86
		{6D987661-3693-4468-AEBF-17E7AB2A7220}.Debug|x86.ActiveCfg = Debug|x86
		{6D987661-3693-4468-AEBF-17E7AB2A7220}.Debug|x86.Build.0 = Debug|x86
		{6D987661-3693-4468-AEBF-17E7AB2A7220}.Release|x86.ActiveCfg = Release|x86
		{6D987661-3693-4468-AEBF-17E7AB2A7220}.Release|x86.Build.0 = Release|x86
		{58C5DD06-2BCC-47B7-95C4-90B807B89DCC}.Debug|x86.ActiveCfg = Debug|x86
		{58C5DD06-2BCC-47B7-95C4-90B807B89DCC}.Debug|x86.Build.0 = Debug|x86
		{58C5DD06-2BCC-47B7-95C4-90B807B89DCC}.Release|x86.ActiveCfg = Release|x86
		{58C5DD06-2BCC-47B7-95C4-90B807B89DCC}.Release|x86.Build.0 = Release|x86
		{C817858E-0656-4211-934B-C672998EDDB3}.Debug|x86.ActiveCfg = Debug|Win32
		{C817858E-0656-4211-934B-C672998EDDB3}.Debug|x86.Build.0 = Debug|Win32
		{C817858E-0656-4211-934B-C672998EDDB3}.Release|x86.ActiveCfg = Release|Win32
		{C817858E-0656-4211-934B-C672998EDDB3}.Release|x86.Build.0 = Release|Win32
		{827E1CEE-7D53-4E99-BC27-9890995040C8}.Debug|x86.ActiveCfg = Debug|x86
		{827E1CEE-7D53-4E99-BC27-9890995040C8}.Debug|x86.Build.0 = Debug|x86
		{827E1CEE-7D53-4E99-BC27-9890995040C8}.Release|x86.ActiveCfg = Release|x86
		{827E1CEE-7D53-4E99-BC27-9890995040C8}.Release|x86.Build.0 = Release|x86
	EndGlobalSection
	GlobalSection(SolutionProperties) = preSolution
		HideSolutionNode = FALSE
	EndGlobalSection
	GlobalSection(NestedProjects) = preSolution
		{88C63D3D-2C7C-4E99-A225-F51B57FA4078} = {9EA6DDFC-036A-49B7-A4FA-AF875355BC2E}
		{08772433-7D9D-4020-84A0-EEB307ADF232} = {9EA6DDFC-036A-49B7-A4FA-AF875355BC2E}
		{F645320C-B954-4057-8F54-8968F8CD581F} = {9EA6DDFC-036A-49B7-A4FA-AF875355BC2E}
		{DD637F14-AB72-4175-A830-5D51ADBA5525} = {9EA6DDFC-036A-49B7-A4FA-AF875355BC2E}
		{4577787E-206C-4723-A2BC-1C034E8E3E14} = {9EA6DDFC-036A-49B7-A4FA-AF875355BC2E}
		{CC021DAC-32EE-4BCB-858D-1851639963D6} = {9EA6DDFC-036A-49B7-A4FA-AF875355BC2E}
		{0273BAE7-FF35-4FAA-8DA9-E68CB3F83222} = {9EA6DDFC-036A-49B7-A4FA-AF875355BC2E}
		{C774A493-4387-43FA-9DAA-A60A2D2CA582} = {9EA6DDFC-036A-49B7-A4FA-AF875355BC2E}
		{DECF1A62-CF5D-4DC2-9011-54C88BAB4617} = {9EA6DDFC-036A-49B7-A4FA-AF875355BC2E}
		{09AD29DC-C64C-495F-B341-2B515FAABFF6} = {9EA6DDFC-036A-49B7-A4FA-AF875355BC2E}
		{B68A11FD-B69D-4F9E-B5AB-7BABA55E1EF5} = {9EA6DDFC-036A-49B7-A4FA-AF875355BC2E}
		{6531F952-9097-4659-B638-0D47E0B84031} = {9EA6DDFC-036A-49B7-A4FA-AF875355BC2E}
		{44304F6F-6B0A-40A7-96B4-1EAAF3DB250E} = {9EA6DDFC-036A-49B7-A4FA-AF875355BC2E}
		{BBB6AC2F-5D7B-4448-9A82-B32C1781271B} = {9EA6DDFC-036A-49B7-A4FA-AF875355BC2E}
		{7516E73C-154E-4660-8E0A-7D92B4286054} = {9EA6DDFC-036A-49B7-A4FA-AF875355BC2E}
		{6D987661-3693-4468-AEBF-17E7AB2A7220} = {9EA6DDFC-036A-49B7-A4FA-AF875355BC2E}
		{58C5DD06-2BCC-47B7-95C4-90B807B89DCC} = {9EA6DDFC-036A-49B7-A4FA-AF875355BC2E}
		{096084F2-AFA4-4281-B283-F964F597E0B3} = {8BB7B492-B58F-466F-8B7E-50984944589A}
		{CA549491-B5F1-4BB0-98E2-65B15113D2AA} = {8BB7B492-B58F-466F-8B7E-50984944589A}
		{8989E783-85C5-4A83-9E45-D3AA7D224106} = {8BB7B492-B58F-466F-8B7E-50984944589A}
	EndGlobalSection
	GlobalSection(ExtensibilityGlobals) = postSolution
		SolutionGuid = {1D542335-5812-4666-9874-ACFCC515267C}
	EndGlobalSection
EndGlobal
