
Microsoft Visual Studio Solution File, Format Version 12.00
# Visual Studio Version 17
VisualStudioVersion = 17.1.32228.430
MinimumVisualStudioVersion = 10.0.40219.1
Project("{2150E333-8FDC-42A3-9474-1A3956D46DE8}") = "BotProfiles", "BotProfiles", "{9EA6DDFC-036A-49B7-A4FA-AF875355BC2E}"
EndProject
Project("{2150E333-8FDC-42A3-9474-1A3956D46DE8}") = "Pathfinding", "Pathfinding", "{1D4F9E3C-145F-4228-A0C1-60370D5A66AA}"
EndProject
Project("{2150E333-8FDC-42A3-9474-1A3956D46DE8}") = "Injection", "Injection", "{534477D1-2551-45F3-97AE-A0BEEC5FC043}"
EndProject
Project("{2150E333-8FDC-42A3-9474-1A3956D46DE8}") = "FastCall", "FastCall", "{FFDBF766-4CFF-45D8-A515-CBC38EE4398B}"
EndProject
Project("{8BC9CEB8-8B4A-11D0-8D11-00A0C91BC942}") = "Loader", "Loader\Loader.vcxproj", "{C817858E-0656-4211-934B-C672998EDDB3}"
EndProject
Project("{8BC9CEB8-8B4A-11D0-8D11-00A0C91BC942}") = "detour", "Pathfinding\VC120\detour.vcxproj", "{3FECACB6-BD35-4857-BF55-A56B5E6C6D77}"
EndProject
Project("{8BC9CEB8-8B4A-11D0-8D11-00A0C91BC942}") = "recast", "Pathfinding\VC120\recast.vcxproj", "{467226FB-7838-43FF-8ECA-199FAEA760D6}"
EndProject
Project("{8BC9CEB8-8B4A-11D0-8D11-00A0C91BC942}") = "Navigation", "Pathfinding\VC120\Navigation.vcxproj", "{8E623BB1-1B7B-4F8E-A051-72F53A9AB620}"
	ProjectSection(ProjectDependencies) = postProject
		{467226FB-7838-43FF-8ECA-199FAEA760D6} = {467226FB-7838-43FF-8ECA-199FAEA760D6}
	EndProjectSection
EndProject
Project("{8BC9CEB8-8B4A-11D0-8D11-00A0C91BC942}") = "FastCall", "FastCall\FastCall.vcxproj", "{DB2443BF-7C7E-4E62-BF95-304280073190}"
EndProject
Project("{9A19103F-16F7-4668-BE54-9A1E7A4F7556}") = "MaNGOSDBDomain", "MaNGOSDBDomain\MaNGOSDBDomain.csproj", "{CC0D3276-55B7-402A-90E3-6EBD4DF28A61}"
EndProject
Project("{2150E333-8FDC-42A3-9474-1A3956D46DE8}") = "Servers", "Servers", "{16B4B6BD-7FCE-4DDF-B50C-B4C9A96E9765}"
EndProject
Project("{9A19103F-16F7-4668-BE54-9A1E7A4F7556}") = "WoWStateManager", "WoWStateManager\WoWStateManager.csproj", "{9503EBCF-FAD9-4013-A248-89802E6D6A98}"
EndProject
Project("{9A19103F-16F7-4668-BE54-9A1E7A4F7556}") = "BaseSocketMessanger", "BaseSocketServer\BaseSocketMessanger.csproj", "{1E5EEA92-FCD2-4F7F-9CE8-ECE67214173B}"
EndProject
Project("{9A19103F-16F7-4668-BE54-9A1E7A4F7556}") = "WinProcessImports", "WinImports\WinProcessImports.csproj", "{5D05B147-35A8-4A10-906E-58C96E2504E4}"
EndProject
Project("{9A19103F-16F7-4668-BE54-9A1E7A4F7556}") = "MaNGOSDBDomainRunner", "MaNGOSDBDomainRunner\MaNGOSDBDomainRunner.csproj", "{6A4F4121-083E-4313-A50C-0BB17D4C09F8}"
EndProject
Project("{9A19103F-16F7-4668-BE54-9A1E7A4F7556}") = "WoWActivityMember", "WoWActivityMember\WoWActivityMember.csproj", "{AF4BA739-45FB-44CD-886C-B0125261FE5B}"
EndProject
Project("{9A19103F-16F7-4668-BE54-9A1E7A4F7556}") = "WoWStateManagerUI", "WoWStateManagerUI\WoWStateManagerUI.csproj", "{6DE7B8BF-F51F-49AD-B80D-E28733B86AE2}"
EndProject
Project("{9A19103F-16F7-4668-BE54-9A1E7A4F7556}") = "WarlockAffliction", "WarlockAffliction\WarlockAffliction.csproj", "{380B2960-37DE-4D9E-8517-A26277801A67}"
EndProject
Project("{9A19103F-16F7-4668-BE54-9A1E7A4F7556}") = "WarlockDemonology", "WarlockDemonology\WarlockDemonology.csproj", "{4EB12A50-F39E-458E-9CCD-2D94F7F5DC79}"
EndProject
Project("{9A19103F-16F7-4668-BE54-9A1E7A4F7556}") = "WarriorArms", "WarriorArms\WarriorArms.csproj", "{CE63FD85-0CF3-4A2B-9034-C5E44B266B96}"
EndProject
Project("{9A19103F-16F7-4668-BE54-9A1E7A4F7556}") = "WarriorFury", "WarriorFury\WarriorFury.csproj", "{E6E2BDCC-E4D7-4C22-AB6E-5B548FCA2098}"
EndProject
Project("{9A19103F-16F7-4668-BE54-9A1E7A4F7556}") = "WarriorProtection", "WarriorProtection\WarriorProtection.csproj", "{BBB9A77D-C3A1-46B5-870B-6C36C26691CF}"
EndProject
Project("{9A19103F-16F7-4668-BE54-9A1E7A4F7556}") = "ShamanElemental", "ShamanElemental\ShamanElemental.csproj", "{AF2EDF74-B0F9-4E89-AE62-D3F39A55D245}"
EndProject
Project("{9A19103F-16F7-4668-BE54-9A1E7A4F7556}") = "ShamanEnhancement", "ShamanEnhancement\ShamanEnhancement.csproj", "{28219FC4-0D6A-4DA9-8F15-0B99DBE1649F}"
EndProject
Project("{9A19103F-16F7-4668-BE54-9A1E7A4F7556}") = "ShamanRestoration", "ShamanRestoration\ShamanRestoration.csproj", "{D7663393-ED5B-4080-84D4-FCF383A8B5C3}"
EndProject
Project("{9A19103F-16F7-4668-BE54-9A1E7A4F7556}") = "RogueAssassin", "RogueAssassin\RogueAssassin.csproj", "{B2D66C8F-61AA-41FE-AB6A-3FDF76C1E13D}"
EndProject
Project("{9A19103F-16F7-4668-BE54-9A1E7A4F7556}") = "RogueCombat", "RogueCombat\RogueCombat.csproj", "{8E9D8402-8408-4C8A-9A63-940195DFC99C}"
EndProject
Project("{9A19103F-16F7-4668-BE54-9A1E7A4F7556}") = "RogueSubtlety", "RogueSubtlety\RogueSubtlety.csproj", "{0D10CE59-702C-401C-BBAA-42BD983F8F33}"
EndProject
Project("{9A19103F-16F7-4668-BE54-9A1E7A4F7556}") = "PriestDiscipline", "PriestDiscipline\PriestDiscipline.csproj", "{0A9418BF-17BB-4C50-88FE-EC9594438E2C}"
EndProject
Project("{9A19103F-16F7-4668-BE54-9A1E7A4F7556}") = "PriestHoly", "PriestHoly\PriestHoly.csproj", "{9FBA89B6-0DF9-4CD8-ADBA-1E702231A9CF}"
EndProject
Project("{9A19103F-16F7-4668-BE54-9A1E7A4F7556}") = "PriestShadow", "PriestShadow\PriestShadow.csproj", "{75AAE875-A1EA-4335-A13D-BEFA023C0FB1}"
EndProject
Project("{9A19103F-16F7-4668-BE54-9A1E7A4F7556}") = "PaladinHoly", "PaladinHoly\PaladinHoly.csproj", "{98C82CBB-C2C2-4E43-93D7-3F1C5E4EBBBA}"
EndProject
Project("{9A19103F-16F7-4668-BE54-9A1E7A4F7556}") = "PaladinProtection", "PaladinProtection\PaladinProtection.csproj", "{66EAFCFB-7DEB-4D3B-8B86-BDADFC3CAE95}"
EndProject
Project("{9A19103F-16F7-4668-BE54-9A1E7A4F7556}") = "PaladinRetribution", "PaladinRetribution\PaladinRetribution.csproj", "{E6AE7CFB-7056-49BA-ABCA-E2497D1E937A}"
EndProject
Project("{9A19103F-16F7-4668-BE54-9A1E7A4F7556}") = "MageArcane", "MageArcane\MageArcane.csproj", "{40554F74-E7AD-40B7-B1CA-20D76F2EDEB5}"
EndProject
Project("{9A19103F-16F7-4668-BE54-9A1E7A4F7556}") = "MageFire", "MageFire\MageFire.csproj", "{39CFE37F-7769-41E8-9926-C07E0561B1AC}"
EndProject
Project("{9A19103F-16F7-4668-BE54-9A1E7A4F7556}") = "MageFrost", "MageFrost\MageFrost.csproj", "{51BECEDC-8BCA-4F55-930A-71CC817197D3}"
EndProject
Project("{9A19103F-16F7-4668-BE54-9A1E7A4F7556}") = "HunterBeastMastery", "HunterBeastMastery\HunterBeastMastery.csproj", "{687AF47A-D9B8-41D7-916F-F17D5C6529B9}"
EndProject
Project("{9A19103F-16F7-4668-BE54-9A1E7A4F7556}") = "HunterMarksmanship", "HunterMarksmanship\HunterMarksmanship.csproj", "{66DFE5E0-6010-45F4-AF70-C0728DC5F54C}"
EndProject
Project("{9A19103F-16F7-4668-BE54-9A1E7A4F7556}") = "HunterSurvival", "HunterSurvival\HunterSurvival.csproj", "{F195CF46-F0D1-41E2-833C-68176020802A}"
EndProject
Project("{9A19103F-16F7-4668-BE54-9A1E7A4F7556}") = "DruidBalance", "DruidBalance\DruidBalance.csproj", "{A8DE0319-8AE5-4DB5-AD27-5870B109C186}"
EndProject
Project("{9A19103F-16F7-4668-BE54-9A1E7A4F7556}") = "DruidFeral", "DruidFeralCombat\DruidFeral.csproj", "{147335C9-3F20-4297-B7F1-5F48977ADD54}"
EndProject
Project("{9A19103F-16F7-4668-BE54-9A1E7A4F7556}") = "DruidRestoration", "DruidRestoration\DruidRestoration.csproj", "{2D92A6EF-41F0-4296-B46C-04A939735301}"
EndProject
Project("{9A19103F-16F7-4668-BE54-9A1E7A4F7556}") = "WoWStateManagerRunner", "WoWStateManagerRunner\WoWStateManagerRunner.csproj", "{89EF81D5-AC25-4D8C-A1B7-7C45596B02EE}"
EndProject
Project("{9A19103F-16F7-4668-BE54-9A1E7A4F7556}") = "WarlockDestruction", "WarlockDestruction\WarlockDestruction.csproj", "{3FA755A4-A27F-4FC3-A3A1-D441B83291B2}"
EndProject
Project("{9A19103F-16F7-4668-BE54-9A1E7A4F7556}") = "WoWActivityManager", "WoWActivityManager\WoWActivityManager.csproj", "{74DF3AD4-6A78-40CF-A13A-81E8507EF277}"
EndProject
Project("{2150E333-8FDC-42A3-9474-1A3956D46DE8}") = "StateProfiles", "StateProfiles", "{A2FE953C-B58B-462B-9CDE-C2BBFBF87602}"
	ProjectSection(SolutionItems) = preProject
		StateProfiles\War19ArmsPvP.json = StateProfiles\War19ArmsPvP.json
		StateProfiles\War29ArmsPvP.json = StateProfiles\War29ArmsPvP.json
		StateProfiles\War39ArmsPvP.json = StateProfiles\War39ArmsPvP.json
		StateProfiles\War49ArmsPvP.json = StateProfiles\War49ArmsPvP.json
		StateProfiles\War59ArmsPvP.json = StateProfiles\War59ArmsPvP.json
		StateProfiles\War60ArmsPvP.json = StateProfiles\War60ArmsPvP.json
		StateProfiles\War8.json = StateProfiles\War8.json
	EndProjectSection
EndProject
Project("{2150E333-8FDC-42A3-9474-1A3956D46DE8}") = "ProgressionProfiles", "ProgressionProfiles", "{433062C7-E0FF-4E7D-99DC-7FA120C380E4}"
	ProjectSection(SolutionItems) = preProject
		ProgressionProfiles\DruidBase.json = ProgressionProfiles\DruidBase.json
		ProgressionProfiles\HunterBase.json = ProgressionProfiles\HunterBase.json
		ProgressionProfiles\MageBase.json = ProgressionProfiles\MageBase.json
		ProgressionProfiles\PaladinBase.json = ProgressionProfiles\PaladinBase.json
		ProgressionProfiles\PriestBase.json = ProgressionProfiles\PriestBase.json
		ProgressionProfiles\RogueBase.json = ProgressionProfiles\RogueBase.json
		ProgressionProfiles\ShamanBase.json = ProgressionProfiles\ShamanBase.json
		ProgressionProfiles\WarlockBase.json = ProgressionProfiles\WarlockBase.json
		ProgressionProfiles\WarriorBase.json = ProgressionProfiles\WarriorBase.json
	EndProjectSection
EndProject
Project("{9A19103F-16F7-4668-BE54-9A1E7A4F7556}") = "WoWActivityManager", "WoWActivityManager\WoWActivityManager.csproj", "{74DF3AD4-6A78-40CF-A13A-81E8507EF277}"
EndProject
Project("{9A19103F-16F7-4668-BE54-9A1E7A4F7556}") = "WoWActivityManagerService", "WoWActivityManagerService\WoWActivityManagerService.csproj", "{A633DAB5-2F48-4B51-BBD7-8E89C73F82CD}"
EndProject
Global
	GlobalSection(SolutionConfigurationPlatforms) = preSolution
		Debug|Any CPU = Debug|Any CPU
		Debug|Win32 = Debug|Win32
		Debug|x64 = Debug|x64
		Debug|x86 = Debug|x86
		Release|Any CPU = Release|Any CPU
		Release|Win32 = Release|Win32
		Release|x64 = Release|x64
		Release|x86 = Release|x86
	EndGlobalSection
	GlobalSection(ProjectConfigurationPlatforms) = postSolution
		{C817858E-0656-4211-934B-C672998EDDB3}.Debug|Any CPU.ActiveCfg = Debug|x64
		{C817858E-0656-4211-934B-C672998EDDB3}.Debug|Any CPU.Build.0 = Debug|x64
		{C817858E-0656-4211-934B-C672998EDDB3}.Debug|Win32.ActiveCfg = Debug|Win32
		{C817858E-0656-4211-934B-C672998EDDB3}.Debug|Win32.Build.0 = Debug|Win32
		{C817858E-0656-4211-934B-C672998EDDB3}.Debug|x64.ActiveCfg = Debug|x64
		{C817858E-0656-4211-934B-C672998EDDB3}.Debug|x64.Build.0 = Debug|x64
		{C817858E-0656-4211-934B-C672998EDDB3}.Debug|x86.ActiveCfg = Debug|Win32
		{C817858E-0656-4211-934B-C672998EDDB3}.Debug|x86.Build.0 = Debug|Win32
		{C817858E-0656-4211-934B-C672998EDDB3}.Release|Any CPU.ActiveCfg = Release|x64
		{C817858E-0656-4211-934B-C672998EDDB3}.Release|Any CPU.Build.0 = Release|x64
		{C817858E-0656-4211-934B-C672998EDDB3}.Release|Win32.ActiveCfg = Release|Win32
		{C817858E-0656-4211-934B-C672998EDDB3}.Release|Win32.Build.0 = Release|Win32
		{C817858E-0656-4211-934B-C672998EDDB3}.Release|x64.ActiveCfg = Release|x64
		{C817858E-0656-4211-934B-C672998EDDB3}.Release|x64.Build.0 = Release|x64
		{C817858E-0656-4211-934B-C672998EDDB3}.Release|x86.ActiveCfg = Release|Win32
		{C817858E-0656-4211-934B-C672998EDDB3}.Release|x86.Build.0 = Release|Win32
		{3FECACB6-BD35-4857-BF55-A56B5E6C6D77}.Debug|Any CPU.ActiveCfg = Debug|Win32
		{3FECACB6-BD35-4857-BF55-A56B5E6C6D77}.Debug|Any CPU.Build.0 = Debug|Win32
		{3FECACB6-BD35-4857-BF55-A56B5E6C6D77}.Debug|Win32.ActiveCfg = Debug|Win32
		{3FECACB6-BD35-4857-BF55-A56B5E6C6D77}.Debug|Win32.Build.0 = Debug|Win32
		{3FECACB6-BD35-4857-BF55-A56B5E6C6D77}.Debug|x64.ActiveCfg = Debug|Win32
		{3FECACB6-BD35-4857-BF55-A56B5E6C6D77}.Debug|x64.Build.0 = Debug|Win32
		{3FECACB6-BD35-4857-BF55-A56B5E6C6D77}.Debug|x86.ActiveCfg = Debug|Win32
		{3FECACB6-BD35-4857-BF55-A56B5E6C6D77}.Debug|x86.Build.0 = Debug|Win32
		{3FECACB6-BD35-4857-BF55-A56B5E6C6D77}.Release|Any CPU.ActiveCfg = Release|Win32
		{3FECACB6-BD35-4857-BF55-A56B5E6C6D77}.Release|Any CPU.Build.0 = Release|Win32
		{3FECACB6-BD35-4857-BF55-A56B5E6C6D77}.Release|Win32.ActiveCfg = Release|Win32
		{3FECACB6-BD35-4857-BF55-A56B5E6C6D77}.Release|Win32.Build.0 = Release|Win32
		{3FECACB6-BD35-4857-BF55-A56B5E6C6D77}.Release|x64.ActiveCfg = Release|Win32
		{3FECACB6-BD35-4857-BF55-A56B5E6C6D77}.Release|x64.Build.0 = Release|Win32
		{3FECACB6-BD35-4857-BF55-A56B5E6C6D77}.Release|x86.ActiveCfg = Release|Win32
		{3FECACB6-BD35-4857-BF55-A56B5E6C6D77}.Release|x86.Build.0 = Release|Win32
		{467226FB-7838-43FF-8ECA-199FAEA760D6}.Debug|Any CPU.ActiveCfg = Debug|Win32
		{467226FB-7838-43FF-8ECA-199FAEA760D6}.Debug|Any CPU.Build.0 = Debug|Win32
		{467226FB-7838-43FF-8ECA-199FAEA760D6}.Debug|Win32.ActiveCfg = Debug|Win32
		{467226FB-7838-43FF-8ECA-199FAEA760D6}.Debug|Win32.Build.0 = Debug|Win32
		{467226FB-7838-43FF-8ECA-199FAEA760D6}.Debug|x64.ActiveCfg = Debug|Win32
		{467226FB-7838-43FF-8ECA-199FAEA760D6}.Debug|x64.Build.0 = Debug|Win32
		{467226FB-7838-43FF-8ECA-199FAEA760D6}.Debug|x86.ActiveCfg = Debug|Win32
		{467226FB-7838-43FF-8ECA-199FAEA760D6}.Debug|x86.Build.0 = Debug|Win32
		{467226FB-7838-43FF-8ECA-199FAEA760D6}.Release|Any CPU.ActiveCfg = Release|Win32
		{467226FB-7838-43FF-8ECA-199FAEA760D6}.Release|Any CPU.Build.0 = Release|Win32
		{467226FB-7838-43FF-8ECA-199FAEA760D6}.Release|Win32.ActiveCfg = Release|Win32
		{467226FB-7838-43FF-8ECA-199FAEA760D6}.Release|Win32.Build.0 = Release|Win32
		{467226FB-7838-43FF-8ECA-199FAEA760D6}.Release|x64.ActiveCfg = Release|Win32
		{467226FB-7838-43FF-8ECA-199FAEA760D6}.Release|x64.Build.0 = Release|Win32
		{467226FB-7838-43FF-8ECA-199FAEA760D6}.Release|x86.ActiveCfg = Release|Win32
		{467226FB-7838-43FF-8ECA-199FAEA760D6}.Release|x86.Build.0 = Release|Win32
		{8E623BB1-1B7B-4F8E-A051-72F53A9AB620}.Debug|Any CPU.ActiveCfg = Debug|Win32
		{8E623BB1-1B7B-4F8E-A051-72F53A9AB620}.Debug|Any CPU.Build.0 = Debug|Win32
		{8E623BB1-1B7B-4F8E-A051-72F53A9AB620}.Debug|Win32.ActiveCfg = Debug|Win32
		{8E623BB1-1B7B-4F8E-A051-72F53A9AB620}.Debug|Win32.Build.0 = Debug|Win32
		{8E623BB1-1B7B-4F8E-A051-72F53A9AB620}.Debug|x64.ActiveCfg = Debug|Win32
		{8E623BB1-1B7B-4F8E-A051-72F53A9AB620}.Debug|x64.Build.0 = Debug|Win32
		{8E623BB1-1B7B-4F8E-A051-72F53A9AB620}.Debug|x86.ActiveCfg = Debug|Win32
		{8E623BB1-1B7B-4F8E-A051-72F53A9AB620}.Debug|x86.Build.0 = Debug|Win32
		{8E623BB1-1B7B-4F8E-A051-72F53A9AB620}.Release|Any CPU.ActiveCfg = Release|Win32
		{8E623BB1-1B7B-4F8E-A051-72F53A9AB620}.Release|Any CPU.Build.0 = Release|Win32
		{8E623BB1-1B7B-4F8E-A051-72F53A9AB620}.Release|Win32.ActiveCfg = Release|Win32
		{8E623BB1-1B7B-4F8E-A051-72F53A9AB620}.Release|Win32.Build.0 = Release|Win32
		{8E623BB1-1B7B-4F8E-A051-72F53A9AB620}.Release|x64.ActiveCfg = Release|Win32
		{8E623BB1-1B7B-4F8E-A051-72F53A9AB620}.Release|x64.Build.0 = Release|Win32
		{8E623BB1-1B7B-4F8E-A051-72F53A9AB620}.Release|x86.ActiveCfg = Release|Win32
		{8E623BB1-1B7B-4F8E-A051-72F53A9AB620}.Release|x86.Build.0 = Release|Win32
		{DB2443BF-7C7E-4E62-BF95-304280073190}.Debug|Any CPU.ActiveCfg = Debug|x64
		{DB2443BF-7C7E-4E62-BF95-304280073190}.Debug|Any CPU.Build.0 = Debug|x64
		{DB2443BF-7C7E-4E62-BF95-304280073190}.Debug|Win32.ActiveCfg = Debug|Win32
		{DB2443BF-7C7E-4E62-BF95-304280073190}.Debug|Win32.Build.0 = Debug|Win32
		{DB2443BF-7C7E-4E62-BF95-304280073190}.Debug|x64.ActiveCfg = Debug|x64
		{DB2443BF-7C7E-4E62-BF95-304280073190}.Debug|x64.Build.0 = Debug|x64
		{DB2443BF-7C7E-4E62-BF95-304280073190}.Debug|x86.ActiveCfg = Debug|Win32
		{DB2443BF-7C7E-4E62-BF95-304280073190}.Debug|x86.Build.0 = Debug|Win32
		{DB2443BF-7C7E-4E62-BF95-304280073190}.Release|Any CPU.ActiveCfg = Release|x64
		{DB2443BF-7C7E-4E62-BF95-304280073190}.Release|Any CPU.Build.0 = Release|x64
		{DB2443BF-7C7E-4E62-BF95-304280073190}.Release|Win32.ActiveCfg = Release|Win32
		{DB2443BF-7C7E-4E62-BF95-304280073190}.Release|Win32.Build.0 = Release|Win32
		{DB2443BF-7C7E-4E62-BF95-304280073190}.Release|x64.ActiveCfg = Release|x64
		{DB2443BF-7C7E-4E62-BF95-304280073190}.Release|x64.Build.0 = Release|x64
		{DB2443BF-7C7E-4E62-BF95-304280073190}.Release|x86.ActiveCfg = Release|Win32
		{DB2443BF-7C7E-4E62-BF95-304280073190}.Release|x86.Build.0 = Release|Win32
		{CC0D3276-55B7-402A-90E3-6EBD4DF28A61}.Debug|Any CPU.ActiveCfg = Debug|Any CPU
		{CC0D3276-55B7-402A-90E3-6EBD4DF28A61}.Debug|Any CPU.Build.0 = Debug|Any CPU
		{CC0D3276-55B7-402A-90E3-6EBD4DF28A61}.Debug|Win32.ActiveCfg = Debug|Any CPU
		{CC0D3276-55B7-402A-90E3-6EBD4DF28A61}.Debug|Win32.Build.0 = Debug|Any CPU
		{CC0D3276-55B7-402A-90E3-6EBD4DF28A61}.Debug|x64.ActiveCfg = Debug|Any CPU
		{CC0D3276-55B7-402A-90E3-6EBD4DF28A61}.Debug|x64.Build.0 = Debug|Any CPU
		{CC0D3276-55B7-402A-90E3-6EBD4DF28A61}.Debug|x86.ActiveCfg = Debug|Any CPU
		{CC0D3276-55B7-402A-90E3-6EBD4DF28A61}.Debug|x86.Build.0 = Debug|Any CPU
		{CC0D3276-55B7-402A-90E3-6EBD4DF28A61}.Release|Any CPU.ActiveCfg = Release|Any CPU
		{CC0D3276-55B7-402A-90E3-6EBD4DF28A61}.Release|Any CPU.Build.0 = Release|Any CPU
		{CC0D3276-55B7-402A-90E3-6EBD4DF28A61}.Release|Win32.ActiveCfg = Release|Any CPU
		{CC0D3276-55B7-402A-90E3-6EBD4DF28A61}.Release|Win32.Build.0 = Release|Any CPU
		{CC0D3276-55B7-402A-90E3-6EBD4DF28A61}.Release|x64.ActiveCfg = Release|Any CPU
		{CC0D3276-55B7-402A-90E3-6EBD4DF28A61}.Release|x64.Build.0 = Release|Any CPU
		{CC0D3276-55B7-402A-90E3-6EBD4DF28A61}.Release|x86.ActiveCfg = Release|Any CPU
		{CC0D3276-55B7-402A-90E3-6EBD4DF28A61}.Release|x86.Build.0 = Release|Any CPU
		{9503EBCF-FAD9-4013-A248-89802E6D6A98}.Debug|Any CPU.ActiveCfg = Debug|Any CPU
		{9503EBCF-FAD9-4013-A248-89802E6D6A98}.Debug|Any CPU.Build.0 = Debug|Any CPU
		{9503EBCF-FAD9-4013-A248-89802E6D6A98}.Debug|Win32.ActiveCfg = Debug|Any CPU
		{9503EBCF-FAD9-4013-A248-89802E6D6A98}.Debug|Win32.Build.0 = Debug|Any CPU
		{9503EBCF-FAD9-4013-A248-89802E6D6A98}.Debug|x64.ActiveCfg = Debug|Any CPU
		{9503EBCF-FAD9-4013-A248-89802E6D6A98}.Debug|x64.Build.0 = Debug|Any CPU
		{9503EBCF-FAD9-4013-A248-89802E6D6A98}.Debug|x86.ActiveCfg = Debug|Any CPU
		{9503EBCF-FAD9-4013-A248-89802E6D6A98}.Debug|x86.Build.0 = Debug|Any CPU
		{9503EBCF-FAD9-4013-A248-89802E6D6A98}.Release|Any CPU.ActiveCfg = Release|Any CPU
		{9503EBCF-FAD9-4013-A248-89802E6D6A98}.Release|Any CPU.Build.0 = Release|Any CPU
		{9503EBCF-FAD9-4013-A248-89802E6D6A98}.Release|Win32.ActiveCfg = Release|Any CPU
		{9503EBCF-FAD9-4013-A248-89802E6D6A98}.Release|Win32.Build.0 = Release|Any CPU
		{9503EBCF-FAD9-4013-A248-89802E6D6A98}.Release|x64.ActiveCfg = Release|Any CPU
		{9503EBCF-FAD9-4013-A248-89802E6D6A98}.Release|x64.Build.0 = Release|Any CPU
		{9503EBCF-FAD9-4013-A248-89802E6D6A98}.Release|x86.ActiveCfg = Release|Any CPU
		{9503EBCF-FAD9-4013-A248-89802E6D6A98}.Release|x86.Build.0 = Release|Any CPU
		{1E5EEA92-FCD2-4F7F-9CE8-ECE67214173B}.Debug|Any CPU.ActiveCfg = Debug|Any CPU
		{1E5EEA92-FCD2-4F7F-9CE8-ECE67214173B}.Debug|Any CPU.Build.0 = Debug|Any CPU
		{1E5EEA92-FCD2-4F7F-9CE8-ECE67214173B}.Debug|Win32.ActiveCfg = Debug|Any CPU
		{1E5EEA92-FCD2-4F7F-9CE8-ECE67214173B}.Debug|Win32.Build.0 = Debug|Any CPU
		{1E5EEA92-FCD2-4F7F-9CE8-ECE67214173B}.Debug|x64.ActiveCfg = Debug|Any CPU
		{1E5EEA92-FCD2-4F7F-9CE8-ECE67214173B}.Debug|x64.Build.0 = Debug|Any CPU
		{1E5EEA92-FCD2-4F7F-9CE8-ECE67214173B}.Debug|x86.ActiveCfg = Debug|Any CPU
		{1E5EEA92-FCD2-4F7F-9CE8-ECE67214173B}.Debug|x86.Build.0 = Debug|Any CPU
		{1E5EEA92-FCD2-4F7F-9CE8-ECE67214173B}.Release|Any CPU.ActiveCfg = Release|Any CPU
		{1E5EEA92-FCD2-4F7F-9CE8-ECE67214173B}.Release|Any CPU.Build.0 = Release|Any CPU
		{1E5EEA92-FCD2-4F7F-9CE8-ECE67214173B}.Release|Win32.ActiveCfg = Release|Any CPU
		{1E5EEA92-FCD2-4F7F-9CE8-ECE67214173B}.Release|Win32.Build.0 = Release|Any CPU
		{1E5EEA92-FCD2-4F7F-9CE8-ECE67214173B}.Release|x64.ActiveCfg = Release|Any CPU
		{1E5EEA92-FCD2-4F7F-9CE8-ECE67214173B}.Release|x64.Build.0 = Release|Any CPU
		{1E5EEA92-FCD2-4F7F-9CE8-ECE67214173B}.Release|x86.ActiveCfg = Release|Any CPU
		{1E5EEA92-FCD2-4F7F-9CE8-ECE67214173B}.Release|x86.Build.0 = Release|Any CPU
		{5D05B147-35A8-4A10-906E-58C96E2504E4}.Debug|Any CPU.ActiveCfg = Debug|Any CPU
		{5D05B147-35A8-4A10-906E-58C96E2504E4}.Debug|Any CPU.Build.0 = Debug|Any CPU
		{5D05B147-35A8-4A10-906E-58C96E2504E4}.Debug|Win32.ActiveCfg = Debug|Any CPU
		{5D05B147-35A8-4A10-906E-58C96E2504E4}.Debug|Win32.Build.0 = Debug|Any CPU
		{5D05B147-35A8-4A10-906E-58C96E2504E4}.Debug|x64.ActiveCfg = Debug|Any CPU
		{5D05B147-35A8-4A10-906E-58C96E2504E4}.Debug|x64.Build.0 = Debug|Any CPU
		{5D05B147-35A8-4A10-906E-58C96E2504E4}.Debug|x86.ActiveCfg = Debug|Any CPU
		{5D05B147-35A8-4A10-906E-58C96E2504E4}.Debug|x86.Build.0 = Debug|Any CPU
		{5D05B147-35A8-4A10-906E-58C96E2504E4}.Release|Any CPU.ActiveCfg = Release|Any CPU
		{5D05B147-35A8-4A10-906E-58C96E2504E4}.Release|Any CPU.Build.0 = Release|Any CPU
		{5D05B147-35A8-4A10-906E-58C96E2504E4}.Release|Win32.ActiveCfg = Release|Any CPU
		{5D05B147-35A8-4A10-906E-58C96E2504E4}.Release|Win32.Build.0 = Release|Any CPU
		{5D05B147-35A8-4A10-906E-58C96E2504E4}.Release|x64.ActiveCfg = Release|Any CPU
		{5D05B147-35A8-4A10-906E-58C96E2504E4}.Release|x64.Build.0 = Release|Any CPU
		{5D05B147-35A8-4A10-906E-58C96E2504E4}.Release|x86.ActiveCfg = Release|Any CPU
		{5D05B147-35A8-4A10-906E-58C96E2504E4}.Release|x86.Build.0 = Release|Any CPU
		{6A4F4121-083E-4313-A50C-0BB17D4C09F8}.Debug|Any CPU.ActiveCfg = Debug|Any CPU
		{6A4F4121-083E-4313-A50C-0BB17D4C09F8}.Debug|Any CPU.Build.0 = Debug|Any CPU
		{6A4F4121-083E-4313-A50C-0BB17D4C09F8}.Debug|Win32.ActiveCfg = Debug|Any CPU
		{6A4F4121-083E-4313-A50C-0BB17D4C09F8}.Debug|Win32.Build.0 = Debug|Any CPU
		{6A4F4121-083E-4313-A50C-0BB17D4C09F8}.Debug|x64.ActiveCfg = Debug|Any CPU
		{6A4F4121-083E-4313-A50C-0BB17D4C09F8}.Debug|x64.Build.0 = Debug|Any CPU
		{6A4F4121-083E-4313-A50C-0BB17D4C09F8}.Debug|x86.ActiveCfg = Debug|Any CPU
		{6A4F4121-083E-4313-A50C-0BB17D4C09F8}.Debug|x86.Build.0 = Debug|Any CPU
		{6A4F4121-083E-4313-A50C-0BB17D4C09F8}.Release|Any CPU.ActiveCfg = Release|Any CPU
		{6A4F4121-083E-4313-A50C-0BB17D4C09F8}.Release|Any CPU.Build.0 = Release|Any CPU
		{6A4F4121-083E-4313-A50C-0BB17D4C09F8}.Release|Win32.ActiveCfg = Release|Any CPU
		{6A4F4121-083E-4313-A50C-0BB17D4C09F8}.Release|Win32.Build.0 = Release|Any CPU
		{6A4F4121-083E-4313-A50C-0BB17D4C09F8}.Release|x64.ActiveCfg = Release|Any CPU
		{6A4F4121-083E-4313-A50C-0BB17D4C09F8}.Release|x64.Build.0 = Release|Any CPU
		{6A4F4121-083E-4313-A50C-0BB17D4C09F8}.Release|x86.ActiveCfg = Release|Any CPU
		{6A4F4121-083E-4313-A50C-0BB17D4C09F8}.Release|x86.Build.0 = Release|Any CPU
		{AF4BA739-45FB-44CD-886C-B0125261FE5B}.Debug|Any CPU.ActiveCfg = Debug|Any CPU
		{AF4BA739-45FB-44CD-886C-B0125261FE5B}.Debug|Any CPU.Build.0 = Debug|Any CPU
		{AF4BA739-45FB-44CD-886C-B0125261FE5B}.Debug|Win32.ActiveCfg = Debug|Any CPU
		{AF4BA739-45FB-44CD-886C-B0125261FE5B}.Debug|Win32.Build.0 = Debug|Any CPU
		{AF4BA739-45FB-44CD-886C-B0125261FE5B}.Debug|x64.ActiveCfg = Debug|Any CPU
		{AF4BA739-45FB-44CD-886C-B0125261FE5B}.Debug|x64.Build.0 = Debug|Any CPU
		{AF4BA739-45FB-44CD-886C-B0125261FE5B}.Debug|x86.ActiveCfg = Debug|Any CPU
		{AF4BA739-45FB-44CD-886C-B0125261FE5B}.Debug|x86.Build.0 = Debug|Any CPU
		{AF4BA739-45FB-44CD-886C-B0125261FE5B}.Release|Any CPU.ActiveCfg = Release|Any CPU
		{AF4BA739-45FB-44CD-886C-B0125261FE5B}.Release|Any CPU.Build.0 = Release|Any CPU
		{AF4BA739-45FB-44CD-886C-B0125261FE5B}.Release|Win32.ActiveCfg = Release|Any CPU
		{AF4BA739-45FB-44CD-886C-B0125261FE5B}.Release|Win32.Build.0 = Release|Any CPU
		{AF4BA739-45FB-44CD-886C-B0125261FE5B}.Release|x64.ActiveCfg = Release|Any CPU
		{AF4BA739-45FB-44CD-886C-B0125261FE5B}.Release|x64.Build.0 = Release|Any CPU
		{AF4BA739-45FB-44CD-886C-B0125261FE5B}.Release|x86.ActiveCfg = Release|Any CPU
		{AF4BA739-45FB-44CD-886C-B0125261FE5B}.Release|x86.Build.0 = Release|Any CPU
		{6DE7B8BF-F51F-49AD-B80D-E28733B86AE2}.Debug|Any CPU.ActiveCfg = Debug|Any CPU
		{6DE7B8BF-F51F-49AD-B80D-E28733B86AE2}.Debug|Any CPU.Build.0 = Debug|Any CPU
		{6DE7B8BF-F51F-49AD-B80D-E28733B86AE2}.Debug|Win32.ActiveCfg = Debug|Any CPU
		{6DE7B8BF-F51F-49AD-B80D-E28733B86AE2}.Debug|Win32.Build.0 = Debug|Any CPU
		{6DE7B8BF-F51F-49AD-B80D-E28733B86AE2}.Debug|x64.ActiveCfg = Debug|Any CPU
		{6DE7B8BF-F51F-49AD-B80D-E28733B86AE2}.Debug|x64.Build.0 = Debug|Any CPU
		{6DE7B8BF-F51F-49AD-B80D-E28733B86AE2}.Debug|x86.ActiveCfg = Debug|Any CPU
		{6DE7B8BF-F51F-49AD-B80D-E28733B86AE2}.Debug|x86.Build.0 = Debug|Any CPU
		{6DE7B8BF-F51F-49AD-B80D-E28733B86AE2}.Release|Any CPU.ActiveCfg = Release|Any CPU
		{6DE7B8BF-F51F-49AD-B80D-E28733B86AE2}.Release|Any CPU.Build.0 = Release|Any CPU
		{6DE7B8BF-F51F-49AD-B80D-E28733B86AE2}.Release|Win32.ActiveCfg = Release|Any CPU
		{6DE7B8BF-F51F-49AD-B80D-E28733B86AE2}.Release|Win32.Build.0 = Release|Any CPU
		{6DE7B8BF-F51F-49AD-B80D-E28733B86AE2}.Release|x64.ActiveCfg = Release|Any CPU
		{6DE7B8BF-F51F-49AD-B80D-E28733B86AE2}.Release|x64.Build.0 = Release|Any CPU
		{6DE7B8BF-F51F-49AD-B80D-E28733B86AE2}.Release|x86.ActiveCfg = Release|Any CPU
		{6DE7B8BF-F51F-49AD-B80D-E28733B86AE2}.Release|x86.Build.0 = Release|Any CPU
		{380B2960-37DE-4D9E-8517-A26277801A67}.Debug|Any CPU.ActiveCfg = Debug|Any CPU
		{380B2960-37DE-4D9E-8517-A26277801A67}.Debug|Any CPU.Build.0 = Debug|Any CPU
		{380B2960-37DE-4D9E-8517-A26277801A67}.Debug|Win32.ActiveCfg = Debug|Any CPU
		{380B2960-37DE-4D9E-8517-A26277801A67}.Debug|Win32.Build.0 = Debug|Any CPU
		{380B2960-37DE-4D9E-8517-A26277801A67}.Debug|x64.ActiveCfg = Debug|Any CPU
		{380B2960-37DE-4D9E-8517-A26277801A67}.Debug|x64.Build.0 = Debug|Any CPU
		{380B2960-37DE-4D9E-8517-A26277801A67}.Debug|x86.ActiveCfg = Debug|Any CPU
		{380B2960-37DE-4D9E-8517-A26277801A67}.Debug|x86.Build.0 = Debug|Any CPU
		{380B2960-37DE-4D9E-8517-A26277801A67}.Release|Any CPU.ActiveCfg = Release|Any CPU
		{380B2960-37DE-4D9E-8517-A26277801A67}.Release|Any CPU.Build.0 = Release|Any CPU
		{380B2960-37DE-4D9E-8517-A26277801A67}.Release|Win32.ActiveCfg = Release|Any CPU
		{380B2960-37DE-4D9E-8517-A26277801A67}.Release|Win32.Build.0 = Release|Any CPU
		{380B2960-37DE-4D9E-8517-A26277801A67}.Release|x64.ActiveCfg = Release|Any CPU
		{380B2960-37DE-4D9E-8517-A26277801A67}.Release|x64.Build.0 = Release|Any CPU
		{380B2960-37DE-4D9E-8517-A26277801A67}.Release|x86.ActiveCfg = Release|Any CPU
		{380B2960-37DE-4D9E-8517-A26277801A67}.Release|x86.Build.0 = Release|Any CPU
		{4EB12A50-F39E-458E-9CCD-2D94F7F5DC79}.Debug|Any CPU.ActiveCfg = Debug|Any CPU
		{4EB12A50-F39E-458E-9CCD-2D94F7F5DC79}.Debug|Any CPU.Build.0 = Debug|Any CPU
		{4EB12A50-F39E-458E-9CCD-2D94F7F5DC79}.Debug|Win32.ActiveCfg = Debug|Any CPU
		{4EB12A50-F39E-458E-9CCD-2D94F7F5DC79}.Debug|Win32.Build.0 = Debug|Any CPU
		{4EB12A50-F39E-458E-9CCD-2D94F7F5DC79}.Debug|x64.ActiveCfg = Debug|Any CPU
		{4EB12A50-F39E-458E-9CCD-2D94F7F5DC79}.Debug|x64.Build.0 = Debug|Any CPU
		{4EB12A50-F39E-458E-9CCD-2D94F7F5DC79}.Debug|x86.ActiveCfg = Debug|Any CPU
		{4EB12A50-F39E-458E-9CCD-2D94F7F5DC79}.Debug|x86.Build.0 = Debug|Any CPU
		{4EB12A50-F39E-458E-9CCD-2D94F7F5DC79}.Release|Any CPU.ActiveCfg = Release|Any CPU
		{4EB12A50-F39E-458E-9CCD-2D94F7F5DC79}.Release|Any CPU.Build.0 = Release|Any CPU
		{4EB12A50-F39E-458E-9CCD-2D94F7F5DC79}.Release|Win32.ActiveCfg = Release|Any CPU
		{4EB12A50-F39E-458E-9CCD-2D94F7F5DC79}.Release|Win32.Build.0 = Release|Any CPU
		{4EB12A50-F39E-458E-9CCD-2D94F7F5DC79}.Release|x64.ActiveCfg = Release|Any CPU
		{4EB12A50-F39E-458E-9CCD-2D94F7F5DC79}.Release|x64.Build.0 = Release|Any CPU
		{4EB12A50-F39E-458E-9CCD-2D94F7F5DC79}.Release|x86.ActiveCfg = Release|Any CPU
		{4EB12A50-F39E-458E-9CCD-2D94F7F5DC79}.Release|x86.Build.0 = Release|Any CPU
		{CE63FD85-0CF3-4A2B-9034-C5E44B266B96}.Debug|Any CPU.ActiveCfg = Debug|Any CPU
		{CE63FD85-0CF3-4A2B-9034-C5E44B266B96}.Debug|Any CPU.Build.0 = Debug|Any CPU
		{CE63FD85-0CF3-4A2B-9034-C5E44B266B96}.Debug|Win32.ActiveCfg = Debug|Any CPU
		{CE63FD85-0CF3-4A2B-9034-C5E44B266B96}.Debug|Win32.Build.0 = Debug|Any CPU
		{CE63FD85-0CF3-4A2B-9034-C5E44B266B96}.Debug|x64.ActiveCfg = Debug|Any CPU
		{CE63FD85-0CF3-4A2B-9034-C5E44B266B96}.Debug|x64.Build.0 = Debug|Any CPU
		{CE63FD85-0CF3-4A2B-9034-C5E44B266B96}.Debug|x86.ActiveCfg = Debug|Any CPU
		{CE63FD85-0CF3-4A2B-9034-C5E44B266B96}.Debug|x86.Build.0 = Debug|Any CPU
		{CE63FD85-0CF3-4A2B-9034-C5E44B266B96}.Release|Any CPU.ActiveCfg = Release|Any CPU
		{CE63FD85-0CF3-4A2B-9034-C5E44B266B96}.Release|Any CPU.Build.0 = Release|Any CPU
		{CE63FD85-0CF3-4A2B-9034-C5E44B266B96}.Release|Win32.ActiveCfg = Release|Any CPU
		{CE63FD85-0CF3-4A2B-9034-C5E44B266B96}.Release|Win32.Build.0 = Release|Any CPU
		{CE63FD85-0CF3-4A2B-9034-C5E44B266B96}.Release|x64.ActiveCfg = Release|Any CPU
		{CE63FD85-0CF3-4A2B-9034-C5E44B266B96}.Release|x64.Build.0 = Release|Any CPU
		{CE63FD85-0CF3-4A2B-9034-C5E44B266B96}.Release|x86.ActiveCfg = Release|Any CPU
		{CE63FD85-0CF3-4A2B-9034-C5E44B266B96}.Release|x86.Build.0 = Release|Any CPU
		{E6E2BDCC-E4D7-4C22-AB6E-5B548FCA2098}.Debug|Any CPU.ActiveCfg = Debug|Any CPU
		{E6E2BDCC-E4D7-4C22-AB6E-5B548FCA2098}.Debug|Any CPU.Build.0 = Debug|Any CPU
		{E6E2BDCC-E4D7-4C22-AB6E-5B548FCA2098}.Debug|Win32.ActiveCfg = Debug|Any CPU
		{E6E2BDCC-E4D7-4C22-AB6E-5B548FCA2098}.Debug|Win32.Build.0 = Debug|Any CPU
		{E6E2BDCC-E4D7-4C22-AB6E-5B548FCA2098}.Debug|x64.ActiveCfg = Debug|Any CPU
		{E6E2BDCC-E4D7-4C22-AB6E-5B548FCA2098}.Debug|x64.Build.0 = Debug|Any CPU
		{E6E2BDCC-E4D7-4C22-AB6E-5B548FCA2098}.Debug|x86.ActiveCfg = Debug|Any CPU
		{E6E2BDCC-E4D7-4C22-AB6E-5B548FCA2098}.Debug|x86.Build.0 = Debug|Any CPU
		{E6E2BDCC-E4D7-4C22-AB6E-5B548FCA2098}.Release|Any CPU.ActiveCfg = Release|Any CPU
		{E6E2BDCC-E4D7-4C22-AB6E-5B548FCA2098}.Release|Any CPU.Build.0 = Release|Any CPU
		{E6E2BDCC-E4D7-4C22-AB6E-5B548FCA2098}.Release|Win32.ActiveCfg = Release|Any CPU
		{E6E2BDCC-E4D7-4C22-AB6E-5B548FCA2098}.Release|Win32.Build.0 = Release|Any CPU
		{E6E2BDCC-E4D7-4C22-AB6E-5B548FCA2098}.Release|x64.ActiveCfg = Release|Any CPU
		{E6E2BDCC-E4D7-4C22-AB6E-5B548FCA2098}.Release|x64.Build.0 = Release|Any CPU
		{E6E2BDCC-E4D7-4C22-AB6E-5B548FCA2098}.Release|x86.ActiveCfg = Release|Any CPU
		{E6E2BDCC-E4D7-4C22-AB6E-5B548FCA2098}.Release|x86.Build.0 = Release|Any CPU
		{BBB9A77D-C3A1-46B5-870B-6C36C26691CF}.Debug|Any CPU.ActiveCfg = Debug|Any CPU
		{BBB9A77D-C3A1-46B5-870B-6C36C26691CF}.Debug|Any CPU.Build.0 = Debug|Any CPU
		{BBB9A77D-C3A1-46B5-870B-6C36C26691CF}.Debug|Win32.ActiveCfg = Debug|Any CPU
		{BBB9A77D-C3A1-46B5-870B-6C36C26691CF}.Debug|Win32.Build.0 = Debug|Any CPU
		{BBB9A77D-C3A1-46B5-870B-6C36C26691CF}.Debug|x64.ActiveCfg = Debug|Any CPU
		{BBB9A77D-C3A1-46B5-870B-6C36C26691CF}.Debug|x64.Build.0 = Debug|Any CPU
		{BBB9A77D-C3A1-46B5-870B-6C36C26691CF}.Debug|x86.ActiveCfg = Debug|Any CPU
		{BBB9A77D-C3A1-46B5-870B-6C36C26691CF}.Debug|x86.Build.0 = Debug|Any CPU
		{BBB9A77D-C3A1-46B5-870B-6C36C26691CF}.Release|Any CPU.ActiveCfg = Release|Any CPU
		{BBB9A77D-C3A1-46B5-870B-6C36C26691CF}.Release|Any CPU.Build.0 = Release|Any CPU
		{BBB9A77D-C3A1-46B5-870B-6C36C26691CF}.Release|Win32.ActiveCfg = Release|Any CPU
		{BBB9A77D-C3A1-46B5-870B-6C36C26691CF}.Release|Win32.Build.0 = Release|Any CPU
		{BBB9A77D-C3A1-46B5-870B-6C36C26691CF}.Release|x64.ActiveCfg = Release|Any CPU
		{BBB9A77D-C3A1-46B5-870B-6C36C26691CF}.Release|x64.Build.0 = Release|Any CPU
		{BBB9A77D-C3A1-46B5-870B-6C36C26691CF}.Release|x86.ActiveCfg = Release|Any CPU
		{BBB9A77D-C3A1-46B5-870B-6C36C26691CF}.Release|x86.Build.0 = Release|Any CPU
		{AF2EDF74-B0F9-4E89-AE62-D3F39A55D245}.Debug|Any CPU.ActiveCfg = Debug|Any CPU
		{AF2EDF74-B0F9-4E89-AE62-D3F39A55D245}.Debug|Any CPU.Build.0 = Debug|Any CPU
		{AF2EDF74-B0F9-4E89-AE62-D3F39A55D245}.Debug|Win32.ActiveCfg = Debug|Any CPU
		{AF2EDF74-B0F9-4E89-AE62-D3F39A55D245}.Debug|Win32.Build.0 = Debug|Any CPU
		{AF2EDF74-B0F9-4E89-AE62-D3F39A55D245}.Debug|x64.ActiveCfg = Debug|Any CPU
		{AF2EDF74-B0F9-4E89-AE62-D3F39A55D245}.Debug|x64.Build.0 = Debug|Any CPU
		{AF2EDF74-B0F9-4E89-AE62-D3F39A55D245}.Debug|x86.ActiveCfg = Debug|Any CPU
		{AF2EDF74-B0F9-4E89-AE62-D3F39A55D245}.Debug|x86.Build.0 = Debug|Any CPU
		{AF2EDF74-B0F9-4E89-AE62-D3F39A55D245}.Release|Any CPU.ActiveCfg = Release|Any CPU
		{AF2EDF74-B0F9-4E89-AE62-D3F39A55D245}.Release|Any CPU.Build.0 = Release|Any CPU
		{AF2EDF74-B0F9-4E89-AE62-D3F39A55D245}.Release|Win32.ActiveCfg = Release|Any CPU
		{AF2EDF74-B0F9-4E89-AE62-D3F39A55D245}.Release|Win32.Build.0 = Release|Any CPU
		{AF2EDF74-B0F9-4E89-AE62-D3F39A55D245}.Release|x64.ActiveCfg = Release|Any CPU
		{AF2EDF74-B0F9-4E89-AE62-D3F39A55D245}.Release|x64.Build.0 = Release|Any CPU
		{AF2EDF74-B0F9-4E89-AE62-D3F39A55D245}.Release|x86.ActiveCfg = Release|Any CPU
		{AF2EDF74-B0F9-4E89-AE62-D3F39A55D245}.Release|x86.Build.0 = Release|Any CPU
		{28219FC4-0D6A-4DA9-8F15-0B99DBE1649F}.Debug|Any CPU.ActiveCfg = Debug|Any CPU
		{28219FC4-0D6A-4DA9-8F15-0B99DBE1649F}.Debug|Any CPU.Build.0 = Debug|Any CPU
		{28219FC4-0D6A-4DA9-8F15-0B99DBE1649F}.Debug|Win32.ActiveCfg = Debug|Any CPU
		{28219FC4-0D6A-4DA9-8F15-0B99DBE1649F}.Debug|Win32.Build.0 = Debug|Any CPU
		{28219FC4-0D6A-4DA9-8F15-0B99DBE1649F}.Debug|x64.ActiveCfg = Debug|Any CPU
		{28219FC4-0D6A-4DA9-8F15-0B99DBE1649F}.Debug|x64.Build.0 = Debug|Any CPU
		{28219FC4-0D6A-4DA9-8F15-0B99DBE1649F}.Debug|x86.ActiveCfg = Debug|Any CPU
		{28219FC4-0D6A-4DA9-8F15-0B99DBE1649F}.Debug|x86.Build.0 = Debug|Any CPU
		{28219FC4-0D6A-4DA9-8F15-0B99DBE1649F}.Release|Any CPU.ActiveCfg = Release|Any CPU
		{28219FC4-0D6A-4DA9-8F15-0B99DBE1649F}.Release|Any CPU.Build.0 = Release|Any CPU
		{28219FC4-0D6A-4DA9-8F15-0B99DBE1649F}.Release|Win32.ActiveCfg = Release|Any CPU
		{28219FC4-0D6A-4DA9-8F15-0B99DBE1649F}.Release|Win32.Build.0 = Release|Any CPU
		{28219FC4-0D6A-4DA9-8F15-0B99DBE1649F}.Release|x64.ActiveCfg = Release|Any CPU
		{28219FC4-0D6A-4DA9-8F15-0B99DBE1649F}.Release|x64.Build.0 = Release|Any CPU
		{28219FC4-0D6A-4DA9-8F15-0B99DBE1649F}.Release|x86.ActiveCfg = Release|Any CPU
		{28219FC4-0D6A-4DA9-8F15-0B99DBE1649F}.Release|x86.Build.0 = Release|Any CPU
		{D7663393-ED5B-4080-84D4-FCF383A8B5C3}.Debug|Any CPU.ActiveCfg = Debug|Any CPU
		{D7663393-ED5B-4080-84D4-FCF383A8B5C3}.Debug|Any CPU.Build.0 = Debug|Any CPU
		{D7663393-ED5B-4080-84D4-FCF383A8B5C3}.Debug|Win32.ActiveCfg = Debug|Any CPU
		{D7663393-ED5B-4080-84D4-FCF383A8B5C3}.Debug|Win32.Build.0 = Debug|Any CPU
		{D7663393-ED5B-4080-84D4-FCF383A8B5C3}.Debug|x64.ActiveCfg = Debug|Any CPU
		{D7663393-ED5B-4080-84D4-FCF383A8B5C3}.Debug|x64.Build.0 = Debug|Any CPU
		{D7663393-ED5B-4080-84D4-FCF383A8B5C3}.Debug|x86.ActiveCfg = Debug|Any CPU
		{D7663393-ED5B-4080-84D4-FCF383A8B5C3}.Debug|x86.Build.0 = Debug|Any CPU
		{D7663393-ED5B-4080-84D4-FCF383A8B5C3}.Release|Any CPU.ActiveCfg = Release|Any CPU
		{D7663393-ED5B-4080-84D4-FCF383A8B5C3}.Release|Any CPU.Build.0 = Release|Any CPU
		{D7663393-ED5B-4080-84D4-FCF383A8B5C3}.Release|Win32.ActiveCfg = Release|Any CPU
		{D7663393-ED5B-4080-84D4-FCF383A8B5C3}.Release|Win32.Build.0 = Release|Any CPU
		{D7663393-ED5B-4080-84D4-FCF383A8B5C3}.Release|x64.ActiveCfg = Release|Any CPU
		{D7663393-ED5B-4080-84D4-FCF383A8B5C3}.Release|x64.Build.0 = Release|Any CPU
		{D7663393-ED5B-4080-84D4-FCF383A8B5C3}.Release|x86.ActiveCfg = Release|Any CPU
		{D7663393-ED5B-4080-84D4-FCF383A8B5C3}.Release|x86.Build.0 = Release|Any CPU
		{B2D66C8F-61AA-41FE-AB6A-3FDF76C1E13D}.Debug|Any CPU.ActiveCfg = Debug|Any CPU
		{B2D66C8F-61AA-41FE-AB6A-3FDF76C1E13D}.Debug|Any CPU.Build.0 = Debug|Any CPU
		{B2D66C8F-61AA-41FE-AB6A-3FDF76C1E13D}.Debug|Win32.ActiveCfg = Debug|Any CPU
		{B2D66C8F-61AA-41FE-AB6A-3FDF76C1E13D}.Debug|Win32.Build.0 = Debug|Any CPU
		{B2D66C8F-61AA-41FE-AB6A-3FDF76C1E13D}.Debug|x64.ActiveCfg = Debug|Any CPU
		{B2D66C8F-61AA-41FE-AB6A-3FDF76C1E13D}.Debug|x64.Build.0 = Debug|Any CPU
		{B2D66C8F-61AA-41FE-AB6A-3FDF76C1E13D}.Debug|x86.ActiveCfg = Debug|Any CPU
		{B2D66C8F-61AA-41FE-AB6A-3FDF76C1E13D}.Debug|x86.Build.0 = Debug|Any CPU
		{B2D66C8F-61AA-41FE-AB6A-3FDF76C1E13D}.Release|Any CPU.ActiveCfg = Release|Any CPU
		{B2D66C8F-61AA-41FE-AB6A-3FDF76C1E13D}.Release|Any CPU.Build.0 = Release|Any CPU
		{B2D66C8F-61AA-41FE-AB6A-3FDF76C1E13D}.Release|Win32.ActiveCfg = Release|Any CPU
		{B2D66C8F-61AA-41FE-AB6A-3FDF76C1E13D}.Release|Win32.Build.0 = Release|Any CPU
		{B2D66C8F-61AA-41FE-AB6A-3FDF76C1E13D}.Release|x64.ActiveCfg = Release|Any CPU
		{B2D66C8F-61AA-41FE-AB6A-3FDF76C1E13D}.Release|x64.Build.0 = Release|Any CPU
		{B2D66C8F-61AA-41FE-AB6A-3FDF76C1E13D}.Release|x86.ActiveCfg = Release|Any CPU
		{B2D66C8F-61AA-41FE-AB6A-3FDF76C1E13D}.Release|x86.Build.0 = Release|Any CPU
		{8E9D8402-8408-4C8A-9A63-940195DFC99C}.Debug|Any CPU.ActiveCfg = Debug|Any CPU
		{8E9D8402-8408-4C8A-9A63-940195DFC99C}.Debug|Any CPU.Build.0 = Debug|Any CPU
		{8E9D8402-8408-4C8A-9A63-940195DFC99C}.Debug|Win32.ActiveCfg = Debug|Any CPU
		{8E9D8402-8408-4C8A-9A63-940195DFC99C}.Debug|Win32.Build.0 = Debug|Any CPU
		{8E9D8402-8408-4C8A-9A63-940195DFC99C}.Debug|x64.ActiveCfg = Debug|Any CPU
		{8E9D8402-8408-4C8A-9A63-940195DFC99C}.Debug|x64.Build.0 = Debug|Any CPU
		{8E9D8402-8408-4C8A-9A63-940195DFC99C}.Debug|x86.ActiveCfg = Debug|Any CPU
		{8E9D8402-8408-4C8A-9A63-940195DFC99C}.Debug|x86.Build.0 = Debug|Any CPU
		{8E9D8402-8408-4C8A-9A63-940195DFC99C}.Release|Any CPU.ActiveCfg = Release|Any CPU
		{8E9D8402-8408-4C8A-9A63-940195DFC99C}.Release|Any CPU.Build.0 = Release|Any CPU
		{8E9D8402-8408-4C8A-9A63-940195DFC99C}.Release|Win32.ActiveCfg = Release|Any CPU
		{8E9D8402-8408-4C8A-9A63-940195DFC99C}.Release|Win32.Build.0 = Release|Any CPU
		{8E9D8402-8408-4C8A-9A63-940195DFC99C}.Release|x64.ActiveCfg = Release|Any CPU
		{8E9D8402-8408-4C8A-9A63-940195DFC99C}.Release|x64.Build.0 = Release|Any CPU
		{8E9D8402-8408-4C8A-9A63-940195DFC99C}.Release|x86.ActiveCfg = Release|Any CPU
		{8E9D8402-8408-4C8A-9A63-940195DFC99C}.Release|x86.Build.0 = Release|Any CPU
		{0D10CE59-702C-401C-BBAA-42BD983F8F33}.Debug|Any CPU.ActiveCfg = Debug|Any CPU
		{0D10CE59-702C-401C-BBAA-42BD983F8F33}.Debug|Any CPU.Build.0 = Debug|Any CPU
		{0D10CE59-702C-401C-BBAA-42BD983F8F33}.Debug|Win32.ActiveCfg = Debug|Any CPU
		{0D10CE59-702C-401C-BBAA-42BD983F8F33}.Debug|Win32.Build.0 = Debug|Any CPU
		{0D10CE59-702C-401C-BBAA-42BD983F8F33}.Debug|x64.ActiveCfg = Debug|Any CPU
		{0D10CE59-702C-401C-BBAA-42BD983F8F33}.Debug|x64.Build.0 = Debug|Any CPU
		{0D10CE59-702C-401C-BBAA-42BD983F8F33}.Debug|x86.ActiveCfg = Debug|Any CPU
		{0D10CE59-702C-401C-BBAA-42BD983F8F33}.Debug|x86.Build.0 = Debug|Any CPU
		{0D10CE59-702C-401C-BBAA-42BD983F8F33}.Release|Any CPU.ActiveCfg = Release|Any CPU
		{0D10CE59-702C-401C-BBAA-42BD983F8F33}.Release|Any CPU.Build.0 = Release|Any CPU
		{0D10CE59-702C-401C-BBAA-42BD983F8F33}.Release|Win32.ActiveCfg = Release|Any CPU
		{0D10CE59-702C-401C-BBAA-42BD983F8F33}.Release|Win32.Build.0 = Release|Any CPU
		{0D10CE59-702C-401C-BBAA-42BD983F8F33}.Release|x64.ActiveCfg = Release|Any CPU
		{0D10CE59-702C-401C-BBAA-42BD983F8F33}.Release|x64.Build.0 = Release|Any CPU
		{0D10CE59-702C-401C-BBAA-42BD983F8F33}.Release|x86.ActiveCfg = Release|Any CPU
		{0D10CE59-702C-401C-BBAA-42BD983F8F33}.Release|x86.Build.0 = Release|Any CPU
		{0A9418BF-17BB-4C50-88FE-EC9594438E2C}.Debug|Any CPU.ActiveCfg = Debug|Any CPU
		{0A9418BF-17BB-4C50-88FE-EC9594438E2C}.Debug|Any CPU.Build.0 = Debug|Any CPU
		{0A9418BF-17BB-4C50-88FE-EC9594438E2C}.Debug|Win32.ActiveCfg = Debug|Any CPU
		{0A9418BF-17BB-4C50-88FE-EC9594438E2C}.Debug|Win32.Build.0 = Debug|Any CPU
		{0A9418BF-17BB-4C50-88FE-EC9594438E2C}.Debug|x64.ActiveCfg = Debug|Any CPU
		{0A9418BF-17BB-4C50-88FE-EC9594438E2C}.Debug|x64.Build.0 = Debug|Any CPU
		{0A9418BF-17BB-4C50-88FE-EC9594438E2C}.Debug|x86.ActiveCfg = Debug|Any CPU
		{0A9418BF-17BB-4C50-88FE-EC9594438E2C}.Debug|x86.Build.0 = Debug|Any CPU
		{0A9418BF-17BB-4C50-88FE-EC9594438E2C}.Release|Any CPU.ActiveCfg = Release|Any CPU
		{0A9418BF-17BB-4C50-88FE-EC9594438E2C}.Release|Any CPU.Build.0 = Release|Any CPU
		{0A9418BF-17BB-4C50-88FE-EC9594438E2C}.Release|Win32.ActiveCfg = Release|Any CPU
		{0A9418BF-17BB-4C50-88FE-EC9594438E2C}.Release|Win32.Build.0 = Release|Any CPU
		{0A9418BF-17BB-4C50-88FE-EC9594438E2C}.Release|x64.ActiveCfg = Release|Any CPU
		{0A9418BF-17BB-4C50-88FE-EC9594438E2C}.Release|x64.Build.0 = Release|Any CPU
		{0A9418BF-17BB-4C50-88FE-EC9594438E2C}.Release|x86.ActiveCfg = Release|Any CPU
		{0A9418BF-17BB-4C50-88FE-EC9594438E2C}.Release|x86.Build.0 = Release|Any CPU
		{9FBA89B6-0DF9-4CD8-ADBA-1E702231A9CF}.Debug|Any CPU.ActiveCfg = Debug|Any CPU
		{9FBA89B6-0DF9-4CD8-ADBA-1E702231A9CF}.Debug|Any CPU.Build.0 = Debug|Any CPU
		{9FBA89B6-0DF9-4CD8-ADBA-1E702231A9CF}.Debug|Win32.ActiveCfg = Debug|Any CPU
		{9FBA89B6-0DF9-4CD8-ADBA-1E702231A9CF}.Debug|Win32.Build.0 = Debug|Any CPU
		{9FBA89B6-0DF9-4CD8-ADBA-1E702231A9CF}.Debug|x64.ActiveCfg = Debug|Any CPU
		{9FBA89B6-0DF9-4CD8-ADBA-1E702231A9CF}.Debug|x64.Build.0 = Debug|Any CPU
		{9FBA89B6-0DF9-4CD8-ADBA-1E702231A9CF}.Debug|x86.ActiveCfg = Debug|Any CPU
		{9FBA89B6-0DF9-4CD8-ADBA-1E702231A9CF}.Debug|x86.Build.0 = Debug|Any CPU
		{9FBA89B6-0DF9-4CD8-ADBA-1E702231A9CF}.Release|Any CPU.ActiveCfg = Release|Any CPU
		{9FBA89B6-0DF9-4CD8-ADBA-1E702231A9CF}.Release|Any CPU.Build.0 = Release|Any CPU
		{9FBA89B6-0DF9-4CD8-ADBA-1E702231A9CF}.Release|Win32.ActiveCfg = Release|Any CPU
		{9FBA89B6-0DF9-4CD8-ADBA-1E702231A9CF}.Release|Win32.Build.0 = Release|Any CPU
		{9FBA89B6-0DF9-4CD8-ADBA-1E702231A9CF}.Release|x64.ActiveCfg = Release|Any CPU
		{9FBA89B6-0DF9-4CD8-ADBA-1E702231A9CF}.Release|x64.Build.0 = Release|Any CPU
		{9FBA89B6-0DF9-4CD8-ADBA-1E702231A9CF}.Release|x86.ActiveCfg = Release|Any CPU
		{9FBA89B6-0DF9-4CD8-ADBA-1E702231A9CF}.Release|x86.Build.0 = Release|Any CPU
		{75AAE875-A1EA-4335-A13D-BEFA023C0FB1}.Debug|Any CPU.ActiveCfg = Debug|Any CPU
		{75AAE875-A1EA-4335-A13D-BEFA023C0FB1}.Debug|Any CPU.Build.0 = Debug|Any CPU
		{75AAE875-A1EA-4335-A13D-BEFA023C0FB1}.Debug|Win32.ActiveCfg = Debug|Any CPU
		{75AAE875-A1EA-4335-A13D-BEFA023C0FB1}.Debug|Win32.Build.0 = Debug|Any CPU
		{75AAE875-A1EA-4335-A13D-BEFA023C0FB1}.Debug|x64.ActiveCfg = Debug|Any CPU
		{75AAE875-A1EA-4335-A13D-BEFA023C0FB1}.Debug|x64.Build.0 = Debug|Any CPU
		{75AAE875-A1EA-4335-A13D-BEFA023C0FB1}.Debug|x86.ActiveCfg = Debug|Any CPU
		{75AAE875-A1EA-4335-A13D-BEFA023C0FB1}.Debug|x86.Build.0 = Debug|Any CPU
		{75AAE875-A1EA-4335-A13D-BEFA023C0FB1}.Release|Any CPU.ActiveCfg = Release|Any CPU
		{75AAE875-A1EA-4335-A13D-BEFA023C0FB1}.Release|Any CPU.Build.0 = Release|Any CPU
		{75AAE875-A1EA-4335-A13D-BEFA023C0FB1}.Release|Win32.ActiveCfg = Release|Any CPU
		{75AAE875-A1EA-4335-A13D-BEFA023C0FB1}.Release|Win32.Build.0 = Release|Any CPU
		{75AAE875-A1EA-4335-A13D-BEFA023C0FB1}.Release|x64.ActiveCfg = Release|Any CPU
		{75AAE875-A1EA-4335-A13D-BEFA023C0FB1}.Release|x64.Build.0 = Release|Any CPU
		{75AAE875-A1EA-4335-A13D-BEFA023C0FB1}.Release|x86.ActiveCfg = Release|Any CPU
		{75AAE875-A1EA-4335-A13D-BEFA023C0FB1}.Release|x86.Build.0 = Release|Any CPU
		{98C82CBB-C2C2-4E43-93D7-3F1C5E4EBBBA}.Debug|Any CPU.ActiveCfg = Debug|Any CPU
		{98C82CBB-C2C2-4E43-93D7-3F1C5E4EBBBA}.Debug|Any CPU.Build.0 = Debug|Any CPU
		{98C82CBB-C2C2-4E43-93D7-3F1C5E4EBBBA}.Debug|Win32.ActiveCfg = Debug|Any CPU
		{98C82CBB-C2C2-4E43-93D7-3F1C5E4EBBBA}.Debug|Win32.Build.0 = Debug|Any CPU
		{98C82CBB-C2C2-4E43-93D7-3F1C5E4EBBBA}.Debug|x64.ActiveCfg = Debug|Any CPU
		{98C82CBB-C2C2-4E43-93D7-3F1C5E4EBBBA}.Debug|x64.Build.0 = Debug|Any CPU
		{98C82CBB-C2C2-4E43-93D7-3F1C5E4EBBBA}.Debug|x86.ActiveCfg = Debug|Any CPU
		{98C82CBB-C2C2-4E43-93D7-3F1C5E4EBBBA}.Debug|x86.Build.0 = Debug|Any CPU
		{98C82CBB-C2C2-4E43-93D7-3F1C5E4EBBBA}.Release|Any CPU.ActiveCfg = Release|Any CPU
		{98C82CBB-C2C2-4E43-93D7-3F1C5E4EBBBA}.Release|Any CPU.Build.0 = Release|Any CPU
		{98C82CBB-C2C2-4E43-93D7-3F1C5E4EBBBA}.Release|Win32.ActiveCfg = Release|Any CPU
		{98C82CBB-C2C2-4E43-93D7-3F1C5E4EBBBA}.Release|Win32.Build.0 = Release|Any CPU
		{98C82CBB-C2C2-4E43-93D7-3F1C5E4EBBBA}.Release|x64.ActiveCfg = Release|Any CPU
		{98C82CBB-C2C2-4E43-93D7-3F1C5E4EBBBA}.Release|x64.Build.0 = Release|Any CPU
		{98C82CBB-C2C2-4E43-93D7-3F1C5E4EBBBA}.Release|x86.ActiveCfg = Release|Any CPU
		{98C82CBB-C2C2-4E43-93D7-3F1C5E4EBBBA}.Release|x86.Build.0 = Release|Any CPU
		{66EAFCFB-7DEB-4D3B-8B86-BDADFC3CAE95}.Debug|Any CPU.ActiveCfg = Debug|Any CPU
		{66EAFCFB-7DEB-4D3B-8B86-BDADFC3CAE95}.Debug|Any CPU.Build.0 = Debug|Any CPU
		{66EAFCFB-7DEB-4D3B-8B86-BDADFC3CAE95}.Debug|Win32.ActiveCfg = Debug|Any CPU
		{66EAFCFB-7DEB-4D3B-8B86-BDADFC3CAE95}.Debug|Win32.Build.0 = Debug|Any CPU
		{66EAFCFB-7DEB-4D3B-8B86-BDADFC3CAE95}.Debug|x64.ActiveCfg = Debug|Any CPU
		{66EAFCFB-7DEB-4D3B-8B86-BDADFC3CAE95}.Debug|x64.Build.0 = Debug|Any CPU
		{66EAFCFB-7DEB-4D3B-8B86-BDADFC3CAE95}.Debug|x86.ActiveCfg = Debug|Any CPU
		{66EAFCFB-7DEB-4D3B-8B86-BDADFC3CAE95}.Debug|x86.Build.0 = Debug|Any CPU
		{66EAFCFB-7DEB-4D3B-8B86-BDADFC3CAE95}.Release|Any CPU.ActiveCfg = Release|Any CPU
		{66EAFCFB-7DEB-4D3B-8B86-BDADFC3CAE95}.Release|Any CPU.Build.0 = Release|Any CPU
		{66EAFCFB-7DEB-4D3B-8B86-BDADFC3CAE95}.Release|Win32.ActiveCfg = Release|Any CPU
		{66EAFCFB-7DEB-4D3B-8B86-BDADFC3CAE95}.Release|Win32.Build.0 = Release|Any CPU
		{66EAFCFB-7DEB-4D3B-8B86-BDADFC3CAE95}.Release|x64.ActiveCfg = Release|Any CPU
		{66EAFCFB-7DEB-4D3B-8B86-BDADFC3CAE95}.Release|x64.Build.0 = Release|Any CPU
		{66EAFCFB-7DEB-4D3B-8B86-BDADFC3CAE95}.Release|x86.ActiveCfg = Release|Any CPU
		{66EAFCFB-7DEB-4D3B-8B86-BDADFC3CAE95}.Release|x86.Build.0 = Release|Any CPU
		{E6AE7CFB-7056-49BA-ABCA-E2497D1E937A}.Debug|Any CPU.ActiveCfg = Debug|Any CPU
		{E6AE7CFB-7056-49BA-ABCA-E2497D1E937A}.Debug|Any CPU.Build.0 = Debug|Any CPU
		{E6AE7CFB-7056-49BA-ABCA-E2497D1E937A}.Debug|Win32.ActiveCfg = Debug|Any CPU
		{E6AE7CFB-7056-49BA-ABCA-E2497D1E937A}.Debug|Win32.Build.0 = Debug|Any CPU
		{E6AE7CFB-7056-49BA-ABCA-E2497D1E937A}.Debug|x64.ActiveCfg = Debug|Any CPU
		{E6AE7CFB-7056-49BA-ABCA-E2497D1E937A}.Debug|x64.Build.0 = Debug|Any CPU
		{E6AE7CFB-7056-49BA-ABCA-E2497D1E937A}.Debug|x86.ActiveCfg = Debug|Any CPU
		{E6AE7CFB-7056-49BA-ABCA-E2497D1E937A}.Debug|x86.Build.0 = Debug|Any CPU
		{E6AE7CFB-7056-49BA-ABCA-E2497D1E937A}.Release|Any CPU.ActiveCfg = Release|Any CPU
		{E6AE7CFB-7056-49BA-ABCA-E2497D1E937A}.Release|Any CPU.Build.0 = Release|Any CPU
		{E6AE7CFB-7056-49BA-ABCA-E2497D1E937A}.Release|Win32.ActiveCfg = Release|Any CPU
		{E6AE7CFB-7056-49BA-ABCA-E2497D1E937A}.Release|Win32.Build.0 = Release|Any CPU
		{E6AE7CFB-7056-49BA-ABCA-E2497D1E937A}.Release|x64.ActiveCfg = Release|Any CPU
		{E6AE7CFB-7056-49BA-ABCA-E2497D1E937A}.Release|x64.Build.0 = Release|Any CPU
		{E6AE7CFB-7056-49BA-ABCA-E2497D1E937A}.Release|x86.ActiveCfg = Release|Any CPU
		{E6AE7CFB-7056-49BA-ABCA-E2497D1E937A}.Release|x86.Build.0 = Release|Any CPU
		{40554F74-E7AD-40B7-B1CA-20D76F2EDEB5}.Debug|Any CPU.ActiveCfg = Debug|Any CPU
		{40554F74-E7AD-40B7-B1CA-20D76F2EDEB5}.Debug|Any CPU.Build.0 = Debug|Any CPU
		{40554F74-E7AD-40B7-B1CA-20D76F2EDEB5}.Debug|Win32.ActiveCfg = Debug|Any CPU
		{40554F74-E7AD-40B7-B1CA-20D76F2EDEB5}.Debug|Win32.Build.0 = Debug|Any CPU
		{40554F74-E7AD-40B7-B1CA-20D76F2EDEB5}.Debug|x64.ActiveCfg = Debug|Any CPU
		{40554F74-E7AD-40B7-B1CA-20D76F2EDEB5}.Debug|x64.Build.0 = Debug|Any CPU
		{40554F74-E7AD-40B7-B1CA-20D76F2EDEB5}.Debug|x86.ActiveCfg = Debug|Any CPU
		{40554F74-E7AD-40B7-B1CA-20D76F2EDEB5}.Debug|x86.Build.0 = Debug|Any CPU
		{40554F74-E7AD-40B7-B1CA-20D76F2EDEB5}.Release|Any CPU.ActiveCfg = Release|Any CPU
		{40554F74-E7AD-40B7-B1CA-20D76F2EDEB5}.Release|Any CPU.Build.0 = Release|Any CPU
		{40554F74-E7AD-40B7-B1CA-20D76F2EDEB5}.Release|Win32.ActiveCfg = Release|Any CPU
		{40554F74-E7AD-40B7-B1CA-20D76F2EDEB5}.Release|Win32.Build.0 = Release|Any CPU
		{40554F74-E7AD-40B7-B1CA-20D76F2EDEB5}.Release|x64.ActiveCfg = Release|Any CPU
		{40554F74-E7AD-40B7-B1CA-20D76F2EDEB5}.Release|x64.Build.0 = Release|Any CPU
		{40554F74-E7AD-40B7-B1CA-20D76F2EDEB5}.Release|x86.ActiveCfg = Release|Any CPU
		{40554F74-E7AD-40B7-B1CA-20D76F2EDEB5}.Release|x86.Build.0 = Release|Any CPU
		{39CFE37F-7769-41E8-9926-C07E0561B1AC}.Debug|Any CPU.ActiveCfg = Debug|Any CPU
		{39CFE37F-7769-41E8-9926-C07E0561B1AC}.Debug|Any CPU.Build.0 = Debug|Any CPU
		{39CFE37F-7769-41E8-9926-C07E0561B1AC}.Debug|Win32.ActiveCfg = Debug|Any CPU
		{39CFE37F-7769-41E8-9926-C07E0561B1AC}.Debug|Win32.Build.0 = Debug|Any CPU
		{39CFE37F-7769-41E8-9926-C07E0561B1AC}.Debug|x64.ActiveCfg = Debug|Any CPU
		{39CFE37F-7769-41E8-9926-C07E0561B1AC}.Debug|x64.Build.0 = Debug|Any CPU
		{39CFE37F-7769-41E8-9926-C07E0561B1AC}.Debug|x86.ActiveCfg = Debug|Any CPU
		{39CFE37F-7769-41E8-9926-C07E0561B1AC}.Debug|x86.Build.0 = Debug|Any CPU
		{39CFE37F-7769-41E8-9926-C07E0561B1AC}.Release|Any CPU.ActiveCfg = Release|Any CPU
		{39CFE37F-7769-41E8-9926-C07E0561B1AC}.Release|Any CPU.Build.0 = Release|Any CPU
		{39CFE37F-7769-41E8-9926-C07E0561B1AC}.Release|Win32.ActiveCfg = Release|Any CPU
		{39CFE37F-7769-41E8-9926-C07E0561B1AC}.Release|Win32.Build.0 = Release|Any CPU
		{39CFE37F-7769-41E8-9926-C07E0561B1AC}.Release|x64.ActiveCfg = Release|Any CPU
		{39CFE37F-7769-41E8-9926-C07E0561B1AC}.Release|x64.Build.0 = Release|Any CPU
		{39CFE37F-7769-41E8-9926-C07E0561B1AC}.Release|x86.ActiveCfg = Release|Any CPU
		{39CFE37F-7769-41E8-9926-C07E0561B1AC}.Release|x86.Build.0 = Release|Any CPU
		{51BECEDC-8BCA-4F55-930A-71CC817197D3}.Debug|Any CPU.ActiveCfg = Debug|Any CPU
		{51BECEDC-8BCA-4F55-930A-71CC817197D3}.Debug|Any CPU.Build.0 = Debug|Any CPU
		{51BECEDC-8BCA-4F55-930A-71CC817197D3}.Debug|Win32.ActiveCfg = Debug|Any CPU
		{51BECEDC-8BCA-4F55-930A-71CC817197D3}.Debug|Win32.Build.0 = Debug|Any CPU
		{51BECEDC-8BCA-4F55-930A-71CC817197D3}.Debug|x64.ActiveCfg = Debug|Any CPU
		{51BECEDC-8BCA-4F55-930A-71CC817197D3}.Debug|x64.Build.0 = Debug|Any CPU
		{51BECEDC-8BCA-4F55-930A-71CC817197D3}.Debug|x86.ActiveCfg = Debug|Any CPU
		{51BECEDC-8BCA-4F55-930A-71CC817197D3}.Debug|x86.Build.0 = Debug|Any CPU
		{51BECEDC-8BCA-4F55-930A-71CC817197D3}.Release|Any CPU.ActiveCfg = Release|Any CPU
		{51BECEDC-8BCA-4F55-930A-71CC817197D3}.Release|Any CPU.Build.0 = Release|Any CPU
		{51BECEDC-8BCA-4F55-930A-71CC817197D3}.Release|Win32.ActiveCfg = Release|Any CPU
		{51BECEDC-8BCA-4F55-930A-71CC817197D3}.Release|Win32.Build.0 = Release|Any CPU
		{51BECEDC-8BCA-4F55-930A-71CC817197D3}.Release|x64.ActiveCfg = Release|Any CPU
		{51BECEDC-8BCA-4F55-930A-71CC817197D3}.Release|x64.Build.0 = Release|Any CPU
		{51BECEDC-8BCA-4F55-930A-71CC817197D3}.Release|x86.ActiveCfg = Release|Any CPU
		{51BECEDC-8BCA-4F55-930A-71CC817197D3}.Release|x86.Build.0 = Release|Any CPU
		{687AF47A-D9B8-41D7-916F-F17D5C6529B9}.Debug|Any CPU.ActiveCfg = Debug|Any CPU
		{687AF47A-D9B8-41D7-916F-F17D5C6529B9}.Debug|Any CPU.Build.0 = Debug|Any CPU
		{687AF47A-D9B8-41D7-916F-F17D5C6529B9}.Debug|Win32.ActiveCfg = Debug|Any CPU
		{687AF47A-D9B8-41D7-916F-F17D5C6529B9}.Debug|Win32.Build.0 = Debug|Any CPU
		{687AF47A-D9B8-41D7-916F-F17D5C6529B9}.Debug|x64.ActiveCfg = Debug|Any CPU
		{687AF47A-D9B8-41D7-916F-F17D5C6529B9}.Debug|x64.Build.0 = Debug|Any CPU
		{687AF47A-D9B8-41D7-916F-F17D5C6529B9}.Debug|x86.ActiveCfg = Debug|Any CPU
		{687AF47A-D9B8-41D7-916F-F17D5C6529B9}.Debug|x86.Build.0 = Debug|Any CPU
		{687AF47A-D9B8-41D7-916F-F17D5C6529B9}.Release|Any CPU.ActiveCfg = Release|Any CPU
		{687AF47A-D9B8-41D7-916F-F17D5C6529B9}.Release|Any CPU.Build.0 = Release|Any CPU
		{687AF47A-D9B8-41D7-916F-F17D5C6529B9}.Release|Win32.ActiveCfg = Release|Any CPU
		{687AF47A-D9B8-41D7-916F-F17D5C6529B9}.Release|Win32.Build.0 = Release|Any CPU
		{687AF47A-D9B8-41D7-916F-F17D5C6529B9}.Release|x64.ActiveCfg = Release|Any CPU
		{687AF47A-D9B8-41D7-916F-F17D5C6529B9}.Release|x64.Build.0 = Release|Any CPU
		{687AF47A-D9B8-41D7-916F-F17D5C6529B9}.Release|x86.ActiveCfg = Release|Any CPU
		{687AF47A-D9B8-41D7-916F-F17D5C6529B9}.Release|x86.Build.0 = Release|Any CPU
		{66DFE5E0-6010-45F4-AF70-C0728DC5F54C}.Debug|Any CPU.ActiveCfg = Debug|Any CPU
		{66DFE5E0-6010-45F4-AF70-C0728DC5F54C}.Debug|Any CPU.Build.0 = Debug|Any CPU
		{66DFE5E0-6010-45F4-AF70-C0728DC5F54C}.Debug|Win32.ActiveCfg = Debug|Any CPU
		{66DFE5E0-6010-45F4-AF70-C0728DC5F54C}.Debug|Win32.Build.0 = Debug|Any CPU
		{66DFE5E0-6010-45F4-AF70-C0728DC5F54C}.Debug|x64.ActiveCfg = Debug|Any CPU
		{66DFE5E0-6010-45F4-AF70-C0728DC5F54C}.Debug|x64.Build.0 = Debug|Any CPU
		{66DFE5E0-6010-45F4-AF70-C0728DC5F54C}.Debug|x86.ActiveCfg = Debug|Any CPU
		{66DFE5E0-6010-45F4-AF70-C0728DC5F54C}.Debug|x86.Build.0 = Debug|Any CPU
		{66DFE5E0-6010-45F4-AF70-C0728DC5F54C}.Release|Any CPU.ActiveCfg = Release|Any CPU
		{66DFE5E0-6010-45F4-AF70-C0728DC5F54C}.Release|Any CPU.Build.0 = Release|Any CPU
		{66DFE5E0-6010-45F4-AF70-C0728DC5F54C}.Release|Win32.ActiveCfg = Release|Any CPU
		{66DFE5E0-6010-45F4-AF70-C0728DC5F54C}.Release|Win32.Build.0 = Release|Any CPU
		{66DFE5E0-6010-45F4-AF70-C0728DC5F54C}.Release|x64.ActiveCfg = Release|Any CPU
		{66DFE5E0-6010-45F4-AF70-C0728DC5F54C}.Release|x64.Build.0 = Release|Any CPU
		{66DFE5E0-6010-45F4-AF70-C0728DC5F54C}.Release|x86.ActiveCfg = Release|Any CPU
		{66DFE5E0-6010-45F4-AF70-C0728DC5F54C}.Release|x86.Build.0 = Release|Any CPU
		{F195CF46-F0D1-41E2-833C-68176020802A}.Debug|Any CPU.ActiveCfg = Debug|Any CPU
		{F195CF46-F0D1-41E2-833C-68176020802A}.Debug|Any CPU.Build.0 = Debug|Any CPU
		{F195CF46-F0D1-41E2-833C-68176020802A}.Debug|Win32.ActiveCfg = Debug|Any CPU
		{F195CF46-F0D1-41E2-833C-68176020802A}.Debug|Win32.Build.0 = Debug|Any CPU
		{F195CF46-F0D1-41E2-833C-68176020802A}.Debug|x64.ActiveCfg = Debug|Any CPU
		{F195CF46-F0D1-41E2-833C-68176020802A}.Debug|x64.Build.0 = Debug|Any CPU
		{F195CF46-F0D1-41E2-833C-68176020802A}.Debug|x86.ActiveCfg = Debug|Any CPU
		{F195CF46-F0D1-41E2-833C-68176020802A}.Debug|x86.Build.0 = Debug|Any CPU
		{F195CF46-F0D1-41E2-833C-68176020802A}.Release|Any CPU.ActiveCfg = Release|Any CPU
		{F195CF46-F0D1-41E2-833C-68176020802A}.Release|Any CPU.Build.0 = Release|Any CPU
		{F195CF46-F0D1-41E2-833C-68176020802A}.Release|Win32.ActiveCfg = Release|Any CPU
		{F195CF46-F0D1-41E2-833C-68176020802A}.Release|Win32.Build.0 = Release|Any CPU
		{F195CF46-F0D1-41E2-833C-68176020802A}.Release|x64.ActiveCfg = Release|Any CPU
		{F195CF46-F0D1-41E2-833C-68176020802A}.Release|x64.Build.0 = Release|Any CPU
		{F195CF46-F0D1-41E2-833C-68176020802A}.Release|x86.ActiveCfg = Release|Any CPU
		{F195CF46-F0D1-41E2-833C-68176020802A}.Release|x86.Build.0 = Release|Any CPU
		{A8DE0319-8AE5-4DB5-AD27-5870B109C186}.Debug|Any CPU.ActiveCfg = Debug|Any CPU
		{A8DE0319-8AE5-4DB5-AD27-5870B109C186}.Debug|Any CPU.Build.0 = Debug|Any CPU
		{A8DE0319-8AE5-4DB5-AD27-5870B109C186}.Debug|Win32.ActiveCfg = Debug|Any CPU
		{A8DE0319-8AE5-4DB5-AD27-5870B109C186}.Debug|Win32.Build.0 = Debug|Any CPU
		{A8DE0319-8AE5-4DB5-AD27-5870B109C186}.Debug|x64.ActiveCfg = Debug|Any CPU
		{A8DE0319-8AE5-4DB5-AD27-5870B109C186}.Debug|x64.Build.0 = Debug|Any CPU
		{A8DE0319-8AE5-4DB5-AD27-5870B109C186}.Debug|x86.ActiveCfg = Debug|Any CPU
		{A8DE0319-8AE5-4DB5-AD27-5870B109C186}.Debug|x86.Build.0 = Debug|Any CPU
		{A8DE0319-8AE5-4DB5-AD27-5870B109C186}.Release|Any CPU.ActiveCfg = Release|Any CPU
		{A8DE0319-8AE5-4DB5-AD27-5870B109C186}.Release|Any CPU.Build.0 = Release|Any CPU
		{A8DE0319-8AE5-4DB5-AD27-5870B109C186}.Release|Win32.ActiveCfg = Release|Any CPU
		{A8DE0319-8AE5-4DB5-AD27-5870B109C186}.Release|Win32.Build.0 = Release|Any CPU
		{A8DE0319-8AE5-4DB5-AD27-5870B109C186}.Release|x64.ActiveCfg = Release|Any CPU
		{A8DE0319-8AE5-4DB5-AD27-5870B109C186}.Release|x64.Build.0 = Release|Any CPU
		{A8DE0319-8AE5-4DB5-AD27-5870B109C186}.Release|x86.ActiveCfg = Release|Any CPU
		{A8DE0319-8AE5-4DB5-AD27-5870B109C186}.Release|x86.Build.0 = Release|Any CPU
		{147335C9-3F20-4297-B7F1-5F48977ADD54}.Debug|Any CPU.ActiveCfg = Debug|Any CPU
		{147335C9-3F20-4297-B7F1-5F48977ADD54}.Debug|Any CPU.Build.0 = Debug|Any CPU
		{147335C9-3F20-4297-B7F1-5F48977ADD54}.Debug|Win32.ActiveCfg = Debug|Any CPU
		{147335C9-3F20-4297-B7F1-5F48977ADD54}.Debug|Win32.Build.0 = Debug|Any CPU
		{147335C9-3F20-4297-B7F1-5F48977ADD54}.Debug|x64.ActiveCfg = Debug|Any CPU
		{147335C9-3F20-4297-B7F1-5F48977ADD54}.Debug|x64.Build.0 = Debug|Any CPU
		{147335C9-3F20-4297-B7F1-5F48977ADD54}.Debug|x86.ActiveCfg = Debug|Any CPU
		{147335C9-3F20-4297-B7F1-5F48977ADD54}.Debug|x86.Build.0 = Debug|Any CPU
		{147335C9-3F20-4297-B7F1-5F48977ADD54}.Release|Any CPU.ActiveCfg = Release|Any CPU
		{147335C9-3F20-4297-B7F1-5F48977ADD54}.Release|Any CPU.Build.0 = Release|Any CPU
		{147335C9-3F20-4297-B7F1-5F48977ADD54}.Release|Win32.ActiveCfg = Release|Any CPU
		{147335C9-3F20-4297-B7F1-5F48977ADD54}.Release|Win32.Build.0 = Release|Any CPU
		{147335C9-3F20-4297-B7F1-5F48977ADD54}.Release|x64.ActiveCfg = Release|Any CPU
		{147335C9-3F20-4297-B7F1-5F48977ADD54}.Release|x64.Build.0 = Release|Any CPU
		{147335C9-3F20-4297-B7F1-5F48977ADD54}.Release|x86.ActiveCfg = Release|Any CPU
		{147335C9-3F20-4297-B7F1-5F48977ADD54}.Release|x86.Build.0 = Release|Any CPU
		{2D92A6EF-41F0-4296-B46C-04A939735301}.Debug|Any CPU.ActiveCfg = Debug|Any CPU
		{2D92A6EF-41F0-4296-B46C-04A939735301}.Debug|Any CPU.Build.0 = Debug|Any CPU
		{2D92A6EF-41F0-4296-B46C-04A939735301}.Debug|Win32.ActiveCfg = Debug|Any CPU
		{2D92A6EF-41F0-4296-B46C-04A939735301}.Debug|Win32.Build.0 = Debug|Any CPU
		{2D92A6EF-41F0-4296-B46C-04A939735301}.Debug|x64.ActiveCfg = Debug|Any CPU
		{2D92A6EF-41F0-4296-B46C-04A939735301}.Debug|x64.Build.0 = Debug|Any CPU
		{2D92A6EF-41F0-4296-B46C-04A939735301}.Debug|x86.ActiveCfg = Debug|Any CPU
		{2D92A6EF-41F0-4296-B46C-04A939735301}.Debug|x86.Build.0 = Debug|Any CPU
		{2D92A6EF-41F0-4296-B46C-04A939735301}.Release|Any CPU.ActiveCfg = Release|Any CPU
		{2D92A6EF-41F0-4296-B46C-04A939735301}.Release|Any CPU.Build.0 = Release|Any CPU
		{2D92A6EF-41F0-4296-B46C-04A939735301}.Release|Win32.ActiveCfg = Release|Any CPU
		{2D92A6EF-41F0-4296-B46C-04A939735301}.Release|Win32.Build.0 = Release|Any CPU
		{2D92A6EF-41F0-4296-B46C-04A939735301}.Release|x64.ActiveCfg = Release|Any CPU
		{2D92A6EF-41F0-4296-B46C-04A939735301}.Release|x64.Build.0 = Release|Any CPU
		{2D92A6EF-41F0-4296-B46C-04A939735301}.Release|x86.ActiveCfg = Release|Any CPU
		{2D92A6EF-41F0-4296-B46C-04A939735301}.Release|x86.Build.0 = Release|Any CPU
		{89EF81D5-AC25-4D8C-A1B7-7C45596B02EE}.Debug|Any CPU.ActiveCfg = Debug|Any CPU
		{89EF81D5-AC25-4D8C-A1B7-7C45596B02EE}.Debug|Any CPU.Build.0 = Debug|Any CPU
		{89EF81D5-AC25-4D8C-A1B7-7C45596B02EE}.Debug|Win32.ActiveCfg = Debug|Any CPU
		{89EF81D5-AC25-4D8C-A1B7-7C45596B02EE}.Debug|Win32.Build.0 = Debug|Any CPU
		{89EF81D5-AC25-4D8C-A1B7-7C45596B02EE}.Debug|x64.ActiveCfg = Debug|Any CPU
		{89EF81D5-AC25-4D8C-A1B7-7C45596B02EE}.Debug|x64.Build.0 = Debug|Any CPU
		{89EF81D5-AC25-4D8C-A1B7-7C45596B02EE}.Debug|x86.ActiveCfg = Debug|Any CPU
		{89EF81D5-AC25-4D8C-A1B7-7C45596B02EE}.Debug|x86.Build.0 = Debug|Any CPU
		{89EF81D5-AC25-4D8C-A1B7-7C45596B02EE}.Release|Any CPU.ActiveCfg = Release|Any CPU
		{89EF81D5-AC25-4D8C-A1B7-7C45596B02EE}.Release|Any CPU.Build.0 = Release|Any CPU
		{89EF81D5-AC25-4D8C-A1B7-7C45596B02EE}.Release|Win32.ActiveCfg = Release|Any CPU
		{89EF81D5-AC25-4D8C-A1B7-7C45596B02EE}.Release|Win32.Build.0 = Release|Any CPU
		{89EF81D5-AC25-4D8C-A1B7-7C45596B02EE}.Release|x64.ActiveCfg = Release|Any CPU
		{89EF81D5-AC25-4D8C-A1B7-7C45596B02EE}.Release|x64.Build.0 = Release|Any CPU
		{89EF81D5-AC25-4D8C-A1B7-7C45596B02EE}.Release|x86.ActiveCfg = Release|Any CPU
		{89EF81D5-AC25-4D8C-A1B7-7C45596B02EE}.Release|x86.Build.0 = Release|Any CPU
		{3FA755A4-A27F-4FC3-A3A1-D441B83291B2}.Debug|Any CPU.ActiveCfg = Debug|Any CPU
		{3FA755A4-A27F-4FC3-A3A1-D441B83291B2}.Debug|Any CPU.Build.0 = Debug|Any CPU
		{3FA755A4-A27F-4FC3-A3A1-D441B83291B2}.Debug|Win32.ActiveCfg = Debug|Any CPU
		{3FA755A4-A27F-4FC3-A3A1-D441B83291B2}.Debug|Win32.Build.0 = Debug|Any CPU
		{3FA755A4-A27F-4FC3-A3A1-D441B83291B2}.Debug|x64.ActiveCfg = Debug|Any CPU
		{3FA755A4-A27F-4FC3-A3A1-D441B83291B2}.Debug|x64.Build.0 = Debug|Any CPU
		{3FA755A4-A27F-4FC3-A3A1-D441B83291B2}.Debug|x86.ActiveCfg = Debug|Any CPU
		{3FA755A4-A27F-4FC3-A3A1-D441B83291B2}.Debug|x86.Build.0 = Debug|Any CPU
		{3FA755A4-A27F-4FC3-A3A1-D441B83291B2}.Release|Any CPU.ActiveCfg = Release|Any CPU
		{3FA755A4-A27F-4FC3-A3A1-D441B83291B2}.Release|Any CPU.Build.0 = Release|Any CPU
		{3FA755A4-A27F-4FC3-A3A1-D441B83291B2}.Release|Win32.ActiveCfg = Release|Any CPU
		{3FA755A4-A27F-4FC3-A3A1-D441B83291B2}.Release|Win32.Build.0 = Release|Any CPU
		{3FA755A4-A27F-4FC3-A3A1-D441B83291B2}.Release|x64.ActiveCfg = Release|Any CPU
		{3FA755A4-A27F-4FC3-A3A1-D441B83291B2}.Release|x64.Build.0 = Release|Any CPU
		{3FA755A4-A27F-4FC3-A3A1-D441B83291B2}.Release|x86.ActiveCfg = Release|Any CPU
		{3FA755A4-A27F-4FC3-A3A1-D441B83291B2}.Release|x86.Build.0 = Release|Any CPU
		{74DF3AD4-6A78-40CF-A13A-81E8507EF277}.Debug|Any CPU.ActiveCfg = Debug|Any CPU
		{74DF3AD4-6A78-40CF-A13A-81E8507EF277}.Debug|Any CPU.Build.0 = Debug|Any CPU
		{74DF3AD4-6A78-40CF-A13A-81E8507EF277}.Debug|Win32.ActiveCfg = Debug|Any CPU
		{74DF3AD4-6A78-40CF-A13A-81E8507EF277}.Debug|Win32.Build.0 = Debug|Any CPU
		{74DF3AD4-6A78-40CF-A13A-81E8507EF277}.Debug|x64.ActiveCfg = Debug|Any CPU
		{74DF3AD4-6A78-40CF-A13A-81E8507EF277}.Debug|x64.Build.0 = Debug|Any CPU
		{74DF3AD4-6A78-40CF-A13A-81E8507EF277}.Debug|x86.ActiveCfg = Debug|Any CPU
		{74DF3AD4-6A78-40CF-A13A-81E8507EF277}.Debug|x86.Build.0 = Debug|Any CPU
		{74DF3AD4-6A78-40CF-A13A-81E8507EF277}.Release|Any CPU.ActiveCfg = Release|Any CPU
		{74DF3AD4-6A78-40CF-A13A-81E8507EF277}.Release|Any CPU.Build.0 = Release|Any CPU
		{74DF3AD4-6A78-40CF-A13A-81E8507EF277}.Release|Win32.ActiveCfg = Release|Any CPU
		{74DF3AD4-6A78-40CF-A13A-81E8507EF277}.Release|Win32.Build.0 = Release|Any CPU
		{74DF3AD4-6A78-40CF-A13A-81E8507EF277}.Release|x64.ActiveCfg = Release|Any CPU
		{74DF3AD4-6A78-40CF-A13A-81E8507EF277}.Release|x64.Build.0 = Release|Any CPU
		{74DF3AD4-6A78-40CF-A13A-81E8507EF277}.Release|x86.ActiveCfg = Release|Any CPU
		{74DF3AD4-6A78-40CF-A13A-81E8507EF277}.Release|x86.Build.0 = Release|Any CPU
		{A633DAB5-2F48-4B51-BBD7-8E89C73F82CD}.Debug|Any CPU.ActiveCfg = Debug|Any CPU
		{A633DAB5-2F48-4B51-BBD7-8E89C73F82CD}.Debug|Any CPU.Build.0 = Debug|Any CPU
		{A633DAB5-2F48-4B51-BBD7-8E89C73F82CD}.Debug|Win32.ActiveCfg = Debug|Any CPU
		{A633DAB5-2F48-4B51-BBD7-8E89C73F82CD}.Debug|Win32.Build.0 = Debug|Any CPU
		{A633DAB5-2F48-4B51-BBD7-8E89C73F82CD}.Debug|x64.ActiveCfg = Debug|Any CPU
		{A633DAB5-2F48-4B51-BBD7-8E89C73F82CD}.Debug|x64.Build.0 = Debug|Any CPU
		{A633DAB5-2F48-4B51-BBD7-8E89C73F82CD}.Debug|x86.ActiveCfg = Debug|Any CPU
		{A633DAB5-2F48-4B51-BBD7-8E89C73F82CD}.Debug|x86.Build.0 = Debug|Any CPU
		{A633DAB5-2F48-4B51-BBD7-8E89C73F82CD}.Release|Any CPU.ActiveCfg = Release|Any CPU
		{A633DAB5-2F48-4B51-BBD7-8E89C73F82CD}.Release|Any CPU.Build.0 = Release|Any CPU
		{A633DAB5-2F48-4B51-BBD7-8E89C73F82CD}.Release|Win32.ActiveCfg = Release|Any CPU
		{A633DAB5-2F48-4B51-BBD7-8E89C73F82CD}.Release|Win32.Build.0 = Release|Any CPU
		{A633DAB5-2F48-4B51-BBD7-8E89C73F82CD}.Release|x64.ActiveCfg = Release|Any CPU
		{A633DAB5-2F48-4B51-BBD7-8E89C73F82CD}.Release|x64.Build.0 = Release|Any CPU
		{A633DAB5-2F48-4B51-BBD7-8E89C73F82CD}.Release|x86.ActiveCfg = Release|Any CPU
		{A633DAB5-2F48-4B51-BBD7-8E89C73F82CD}.Release|x86.Build.0 = Release|Any CPU
	EndGlobalSection
	GlobalSection(SolutionProperties) = preSolution
		HideSolutionNode = FALSE
	EndGlobalSection
	GlobalSection(NestedProjects) = preSolution
		{C817858E-0656-4211-934B-C672998EDDB3} = {534477D1-2551-45F3-97AE-A0BEEC5FC043}
		{3FECACB6-BD35-4857-BF55-A56B5E6C6D77} = {1D4F9E3C-145F-4228-A0C1-60370D5A66AA}
		{467226FB-7838-43FF-8ECA-199FAEA760D6} = {1D4F9E3C-145F-4228-A0C1-60370D5A66AA}
		{8E623BB1-1B7B-4F8E-A051-72F53A9AB620} = {1D4F9E3C-145F-4228-A0C1-60370D5A66AA}
		{DB2443BF-7C7E-4E62-BF95-304280073190} = {FFDBF766-4CFF-45D8-A515-CBC38EE4398B}
		{CC0D3276-55B7-402A-90E3-6EBD4DF28A61} = {16B4B6BD-7FCE-4DDF-B50C-B4C9A96E9765}
		{9503EBCF-FAD9-4013-A248-89802E6D6A98} = {16B4B6BD-7FCE-4DDF-B50C-B4C9A96E9765}
		{1E5EEA92-FCD2-4F7F-9CE8-ECE67214173B} = {16B4B6BD-7FCE-4DDF-B50C-B4C9A96E9765}
		{6A4F4121-083E-4313-A50C-0BB17D4C09F8} = {16B4B6BD-7FCE-4DDF-B50C-B4C9A96E9765}
		{380B2960-37DE-4D9E-8517-A26277801A67} = {9EA6DDFC-036A-49B7-A4FA-AF875355BC2E}
		{4EB12A50-F39E-458E-9CCD-2D94F7F5DC79} = {9EA6DDFC-036A-49B7-A4FA-AF875355BC2E}
		{CE63FD85-0CF3-4A2B-9034-C5E44B266B96} = {9EA6DDFC-036A-49B7-A4FA-AF875355BC2E}
		{E6E2BDCC-E4D7-4C22-AB6E-5B548FCA2098} = {9EA6DDFC-036A-49B7-A4FA-AF875355BC2E}
		{BBB9A77D-C3A1-46B5-870B-6C36C26691CF} = {9EA6DDFC-036A-49B7-A4FA-AF875355BC2E}
		{AF2EDF74-B0F9-4E89-AE62-D3F39A55D245} = {9EA6DDFC-036A-49B7-A4FA-AF875355BC2E}
		{28219FC4-0D6A-4DA9-8F15-0B99DBE1649F} = {9EA6DDFC-036A-49B7-A4FA-AF875355BC2E}
		{D7663393-ED5B-4080-84D4-FCF383A8B5C3} = {9EA6DDFC-036A-49B7-A4FA-AF875355BC2E}
		{B2D66C8F-61AA-41FE-AB6A-3FDF76C1E13D} = {9EA6DDFC-036A-49B7-A4FA-AF875355BC2E}
		{8E9D8402-8408-4C8A-9A63-940195DFC99C} = {9EA6DDFC-036A-49B7-A4FA-AF875355BC2E}
		{0D10CE59-702C-401C-BBAA-42BD983F8F33} = {9EA6DDFC-036A-49B7-A4FA-AF875355BC2E}
		{0A9418BF-17BB-4C50-88FE-EC9594438E2C} = {9EA6DDFC-036A-49B7-A4FA-AF875355BC2E}
		{9FBA89B6-0DF9-4CD8-ADBA-1E702231A9CF} = {9EA6DDFC-036A-49B7-A4FA-AF875355BC2E}
		{75AAE875-A1EA-4335-A13D-BEFA023C0FB1} = {9EA6DDFC-036A-49B7-A4FA-AF875355BC2E}
		{98C82CBB-C2C2-4E43-93D7-3F1C5E4EBBBA} = {9EA6DDFC-036A-49B7-A4FA-AF875355BC2E}
		{66EAFCFB-7DEB-4D3B-8B86-BDADFC3CAE95} = {9EA6DDFC-036A-49B7-A4FA-AF875355BC2E}
		{E6AE7CFB-7056-49BA-ABCA-E2497D1E937A} = {9EA6DDFC-036A-49B7-A4FA-AF875355BC2E}
		{40554F74-E7AD-40B7-B1CA-20D76F2EDEB5} = {9EA6DDFC-036A-49B7-A4FA-AF875355BC2E}
		{39CFE37F-7769-41E8-9926-C07E0561B1AC} = {9EA6DDFC-036A-49B7-A4FA-AF875355BC2E}
		{51BECEDC-8BCA-4F55-930A-71CC817197D3} = {9EA6DDFC-036A-49B7-A4FA-AF875355BC2E}
		{687AF47A-D9B8-41D7-916F-F17D5C6529B9} = {9EA6DDFC-036A-49B7-A4FA-AF875355BC2E}
		{66DFE5E0-6010-45F4-AF70-C0728DC5F54C} = {9EA6DDFC-036A-49B7-A4FA-AF875355BC2E}
		{F195CF46-F0D1-41E2-833C-68176020802A} = {9EA6DDFC-036A-49B7-A4FA-AF875355BC2E}
		{A8DE0319-8AE5-4DB5-AD27-5870B109C186} = {9EA6DDFC-036A-49B7-A4FA-AF875355BC2E}
		{147335C9-3F20-4297-B7F1-5F48977ADD54} = {9EA6DDFC-036A-49B7-A4FA-AF875355BC2E}
		{2D92A6EF-41F0-4296-B46C-04A939735301} = {9EA6DDFC-036A-49B7-A4FA-AF875355BC2E}
		{89EF81D5-AC25-4D8C-A1B7-7C45596B02EE} = {16B4B6BD-7FCE-4DDF-B50C-B4C9A96E9765}
		{3FA755A4-A27F-4FC3-A3A1-D441B83291B2} = {9EA6DDFC-036A-49B7-A4FA-AF875355BC2E}
		{A2FE953C-B58B-462B-9CDE-C2BBFBF87602} = {9EA6DDFC-036A-49B7-A4FA-AF875355BC2E}
		{433062C7-E0FF-4E7D-99DC-7FA120C380E4} = {9EA6DDFC-036A-49B7-A4FA-AF875355BC2E}
		{74DF3AD4-6A78-40CF-A13A-81E8507EF277} = {16B4B6BD-7FCE-4DDF-B50C-B4C9A96E9765}
		{A633DAB5-2F48-4B51-BBD7-8E89C73F82CD} = {16B4B6BD-7FCE-4DDF-B50C-B4C9A96E9765}
	EndGlobalSection
	GlobalSection(ExtensibilityGlobals) = postSolution
		SolutionGuid = {1D542335-5812-4666-9874-ACFCC515267C}
	EndGlobalSection
EndGlobal
