Microsoft Visual Studio Solution File, Format Version 12.00
# Visual Studio Version 17
VisualStudioVersion = 17.1.32228.430
MinimumVisualStudioVersion = 10.0.40219.1
Project("{8BC9CEB8-8B4A-11D0-8D11-00A0C91BC942}") = "Loader", "Exports\Loader\Loader.vcxproj", "{C817858E-0656-4211-934B-C672998EDDB3}"
EndProject
Project("{8BC9CEB8-8B4A-11D0-8D11-00A0C91BC942}") = "FastCall", "Exports\FastCall\FastCall.vcxproj", "{DB2443BF-7C7E-4E62-BF95-304280073190}"
EndProject
Project("{8BC9CEB8-8B4A-11D0-8D11-00A0C91BC942}") = "Navigation", "Exports\Navigation\Navigation.vcxproj", "{8E623BB1-1B7B-4F8E-A051-72F53A9AB620}"
EndProject
Project("{9A19103F-16F7-4668-BE54-9A1E7A4F7556}") = "BotCommLayer", "Exports\BotCommLayer\BotCommLayer.csproj", "{1E5EEA92-FCD2-4F7F-9CE8-ECE67214173B}"
EndProject
Project("{9A19103F-16F7-4668-BE54-9A1E7A4F7556}") = "WinProcessImports", "Exports\WinImports\WinProcessImports.csproj", "{5D05B147-35A8-4A10-906E-58C96E2504E4}"
EndProject
Project("{9A19103F-16F7-4668-BE54-9A1E7A4F7556}") = "ForegroundBotRunner", "Services\ForegroundBotRunner\ForegroundBotRunner.csproj", "{AF4BA739-45FB-44CD-886C-B0125261FE5B}"
EndProject
Project("{9A19103F-16F7-4668-BE54-9A1E7A4F7556}") = "StateManagerUI", "UI\StateManagerUI\StateManagerUI.csproj", "{6DE7B8BF-F51F-49AD-B80D-E28733B86AE2}"
EndProject
Project("{9A19103F-16F7-4668-BE54-9A1E7A4F7556}") = "WoWSharpClient", "Exports\WoWSharpClient\WoWSharpClient.csproj", "{0E823F6A-007F-4FAF-9819-B561347525EC}"
EndProject
Project("{2150E333-8FDC-42A3-9474-1A3956D46DE8}") = "Services", "Services", "{A34E454D-EDFF-4AE3-806D-F17D3E19FF66}"
	ProjectSection(SolutionItems) = preProject
		Services\README.md = Services\README.md
	EndProjectSection
EndProject
Project("{2150E333-8FDC-42A3-9474-1A3956D46DE8}") = "Exports", "Exports", "{2B5ADD00-9FA5-4839-A06C-21FA6C02FE8E}"
	ProjectSection(SolutionItems) = preProject
		Exports\README.md = Exports\README.md
	EndProjectSection
EndProject
Project("{9A19103F-16F7-4668-BE54-9A1E7A4F7556}") = "BotRunner", "Exports\BotRunner\BotRunner.csproj", "{C268D63C-9278-480E-B708-CA55FE09EEA3}"
EndProject
Project("{9A19103F-16F7-4668-BE54-9A1E7A4F7556}") = "BackgroundBotRunner", "Services\BackgroundBotRunner\BackgroundBotRunner.csproj", "{8F71B962-6367-4050-8386-FACC8A7D8FB5}"
EndProject
Project("{9A19103F-16F7-4668-BE54-9A1E7A4F7556}") = "PathfindingService", "Services\PathfindingService\PathfindingService.csproj", "{BC4B7495-6596-487C-865D-D9AE40A22BC5}"
EndProject
Project("{9A19103F-16F7-4668-BE54-9A1E7A4F7556}") = "StateManager", "Services\StateManager\StateManager.csproj", "{DCC89D39-3CF9-4E38-87D7-F473DA500AD0}"
	ProjectSection(ProjectDependencies) = postProject
		{905248D9-39DE-447E-962F-9FF023A2F8AC} = {905248D9-39DE-447E-962F-9FF023A2F8AC}
		{A0659587-35F6-4F91-A65C-8DD264E4DCA1} = {A0659587-35F6-4F91-A65C-8DD264E4DCA1}
		{AF4BA739-45FB-44CD-886C-B0125261FE5B} = {AF4BA739-45FB-44CD-886C-B0125261FE5B}
	EndProjectSection
EndProject
Project("{9A19103F-16F7-4668-BE54-9A1E7A4F7556}") = "WoWSharpClient.Tests", "Tests\WoWSharpClient.Tests\WoWSharpClient.Tests.csproj", "{7A0B51C8-FD17-4627-B3BF-931904558D03}"
EndProject
Project("{2150E333-8FDC-42A3-9474-1A3956D46DE8}") = "UI", "UI", "{C359E65D-9D40-44E4-A256-4C75A6438CCA}"
EndProject
Project("{9A19103F-16F7-4668-BE54-9A1E7A4F7556}") = "PathfindingService.Tests", "Tests\PathfindingService.Tests\PathfindingService.Tests.csproj", "{5C5793DF-5E7C-4872-BED4-D17CEDAE827A}"
EndProject
Project("{9A19103F-16F7-4668-BE54-9A1E7A4F7556}") = "DecisionEngineService", "Services\DecisionEngineService\DecisionEngineService.csproj", "{A0659587-35F6-4F91-A65C-8DD264E4DCA1}"
EndProject
Project("{9A19103F-16F7-4668-BE54-9A1E7A4F7556}") = "PromptHandlingService", "Services\PromptHandlingService\PromptHandlingService.csproj", "{905248D9-39DE-447E-962F-9FF023A2F8AC}"
EndProject
Project("{9A19103F-16F7-4668-BE54-9A1E7A4F7556}") = "BotRunner.Tests", "Tests\BotRunner.Tests\BotRunner.Tests.csproj", "{FB12FBE4-CEAA-422F-AC23-A32D26B0ABF7}"
EndProject
Project("{9A19103F-16F7-4668-BE54-9A1E7A4F7556}") = "PromptHandlingService.Tests", "Tests\PromptHandlingService.Tests\PromptHandlingService.Tests.csproj", "{58BB5A51-5928-4A83-9400-AC1C62EA446B}"
EndProject
Project("{9A19103F-16F7-4668-BE54-9A1E7A4F7556}") = "WWoW.Systems.AppHost", "UI\WWoW.Systems\WWoW.Systems.AppHost\WWoW.Systems.AppHost.csproj", "{90BF97BD-7BF3-47D3-A575-E9AD85FBE336}"
EndProject
Project("{9A19103F-16F7-4668-BE54-9A1E7A4F7556}") = "WWoW.Systems.ServiceDefaults", "UI\WWoW.Systems\WWoW.Systems.ServiceDefaults\WWoW.Systems.ServiceDefaults.csproj", "{7731A959-10DE-4F06-CBE3-2A9C0CE8B9C3}"
EndProject
Project("{FAE04EC0-301F-11D3-BF4B-00C04F79EFBC}") = "GameData.Core", "Exports\GameData.Core\GameData.Core.csproj", "{0CD771AA-583C-4037-93A4-1F5F472934A9}"
EndProject
Project("{2150E333-8FDC-42A3-9474-1A3956D46DE8}") = "Tests", "Tests", "{02EA681E-C7D8-13C7-8484-4AC65E1B71E8}"
EndProject
Project("{FAE04EC0-301F-11D3-BF4B-00C04F79EFBC}") = "BloogBot.AI", "BloogBot.AI\BloogBot.AI.csproj", "{58CD6FF8-8AAD-455A-86FA-8678FB8C8C4A}"
EndProject
Global
	GlobalSection(SolutionConfigurationPlatforms) = preSolution
		Debug|Any CPU = Debug|Any CPU
		Debug|Win32 = Debug|Win32
		Debug|x64 = Debug|x64
		Debug|x86 = Debug|x86
		Release|Any CPU = Release|Any CPU
		Release|Win32 = Release|Win32
		Release|x64 = Release|x64
		Release|x86 = Release|x86
	EndGlobalSection
	GlobalSection(ProjectConfigurationPlatforms) = postSolution
		{C817858E-0656-4211-934B-C672998EDDB3}.Debug|Any CPU.ActiveCfg = Debug|x64
		{C817858E-0656-4211-934B-C672998EDDB3}.Debug|Any CPU.Build.0 = Debug|x64
		{C817858E-0656-4211-934B-C672998EDDB3}.Debug|Win32.ActiveCfg = Debug|Win32
		{C817858E-0656-4211-934B-C672998EDDB3}.Debug|Win32.Build.0 = Debug|Win32
		{C817858E-0656-4211-934B-C672998EDDB3}.Debug|x64.ActiveCfg = Debug|x64
		{C817858E-0656-4211-934B-C672998EDDB3}.Debug|x64.Build.0 = Debug|x64
		{C817858E-0656-4211-934B-C672998EDDB3}.Debug|x86.ActiveCfg = Debug|Win32
		{C817858E-0656-4211-934B-C672998EDDB3}.Debug|x86.Build.0 = Debug|Win32
		{C817858E-0656-4211-934B-C672998EDDB3}.Release|Any CPU.ActiveCfg = Release|x64
		{C817858E-0656-4211-934B-C672998EDDB3}.Release|Any CPU.Build.0 = Release|x64
		{C817858E-0656-4211-934B-C672998EDDB3}.Release|Win32.ActiveCfg = Release|Win32
		{C817858E-0656-4211-934B-C672998EDDB3}.Release|Win32.Build.0 = Release|Win32
		{C817858E-0656-4211-934B-C672998EDDB3}.Release|x64.ActiveCfg = Release|x64
		{C817858E-0656-4211-934B-C672998EDDB3}.Release|x64.Build.0 = Release|x64
		{C817858E-0656-4211-934B-C672998EDDB3}.Release|x86.ActiveCfg = Release|Win32
		{C817858E-0656-4211-934B-C672998EDDB3}.Release|x86.Build.0 = Release|Win32
		{DB2443BF-7C7E-4E62-BF95-304280073190}.Debug|Any CPU.ActiveCfg = Debug|x64
		{DB2443BF-7C7E-4E62-BF95-304280073190}.Debug|Any CPU.Build.0 = Debug|x64
		{DB2443BF-7C7E-4E62-BF95-304280073190}.Debug|Win32.ActiveCfg = Debug|Win32
		{DB2443BF-7C7E-4E62-BF95-304280073190}.Debug|Win32.Build.0 = Debug|Win32
		{DB2443BF-7C7E-4E62-BF95-304280073190}.Debug|x64.ActiveCfg = Debug|x64
		{DB2443BF-7C7E-4E62-BF95-304280073190}.Debug|x64.Build.0 = Debug|x64
		{DB2443BF-7C7E-4E62-BF95-304280073190}.Debug|x86.ActiveCfg = Debug|Win32
		{DB2443BF-7C7E-4E62-BF95-304280073190}.Debug|x86.Build.0 = Debug|Win32
		{DB2443BF-7C7E-4E62-BF95-304280073190}.Release|Any CPU.ActiveCfg = Release|x64
		{DB2443BF-7C7E-4E62-BF95-304280073190}.Release|Any CPU.Build.0 = Release|x64
		{DB2443BF-7C7E-4E62-BF95-304280073190}.Release|Win32.ActiveCfg = Release|Win32
		{DB2443BF-7C7E-4E62-BF95-304280073190}.Release|Win32.Build.0 = Release|Win32
		{DB2443BF-7C7E-4E62-BF95-304280073190}.Release|x64.ActiveCfg = Release|x64
		{DB2443BF-7C7E-4E62-BF95-304280073190}.Release|x64.Build.0 = Release|x64
		{DB2443BF-7C7E-4E62-BF95-304280073190}.Release|x86.ActiveCfg = Release|Win32
		{DB2443BF-7C7E-4E62-BF95-304280073190}.Release|x86.Build.0 = Release|Win32
		{8E623BB1-1B7B-4F8E-A051-72F53A9AB620}.Debug|Any CPU.ActiveCfg = Debug|Win32
		{8E623BB1-1B7B-4F8E-A051-72F53A9AB620}.Debug|Any CPU.Build.0 = Debug|Win32
		{8E623BB1-1B7B-4F8E-A051-72F53A9AB620}.Debug|Win32.ActiveCfg = Debug|Win32
		{8E623BB1-1B7B-4F8E-A051-72F53A9AB620}.Debug|Win32.Build.0 = Debug|Win32
		{8E623BB1-1B7B-4F8E-A051-72F53A9AB620}.Debug|x64.ActiveCfg = Debug|x64
		{8E623BB1-1B7B-4F8E-A051-72F53A9AB620}.Debug|x64.Build.0 = Debug|x64
		{8E623BB1-1B7B-4F8E-A051-72F53A9AB620}.Debug|x86.ActiveCfg = Debug|Win32
		{8E623BB1-1B7B-4F8E-A051-72F53A9AB620}.Debug|x86.Build.0 = Debug|Win32
		{8E623BB1-1B7B-4F8E-A051-72F53A9AB620}.Release|Any CPU.ActiveCfg = Release|Win32
		{8E623BB1-1B7B-4F8E-A051-72F53A9AB620}.Release|Any CPU.Build.0 = Release|Win32
		{8E623BB1-1B7B-4F8E-A051-72F53A9AB620}.Release|Win32.ActiveCfg = Release|Win32
		{8E623BB1-1B7B-4F8E-A051-72F53A9AB620}.Release|Win32.Build.0 = Release|Win32
		{8E623BB1-1B7B-4F8E-A051-72F53A9AB620}.Release|x64.ActiveCfg = Release|Win32
		{8E623BB1-1B7B-4F8E-A051-72F53A9AB620}.Release|x64.Build.0 = Release|Win32
		{8E623BB1-1B7B-4F8E-A051-72F53A9AB620}.Release|x86.ActiveCfg = Release|Win32
		{8E623BB1-1B7B-4F8E-A051-72F53A9AB620}.Release|x86.Build.0 = Release|Win32
		{1E5EEA92-FCD2-4F7F-9CE8-ECE67214173B}.Debug|Any CPU.ActiveCfg = Debug|Any CPU
		{1E5EEA92-FCD2-4F7F-9CE8-ECE67214173B}.Debug|Any CPU.Build.0 = Debug|Any CPU
		{1E5EEA92-FCD2-4F7F-9CE8-ECE67214173B}.Debug|Win32.ActiveCfg = Debug|Any CPU
		{1E5EEA92-FCD2-4F7F-9CE8-ECE67214173B}.Debug|Win32.Build.0 = Debug|Any CPU
		{1E5EEA92-FCD2-4F7F-9CE8-ECE67214173B}.Debug|x64.ActiveCfg = Debug|Any CPU
		{1E5EEA92-FCD2-4F7F-9CE8-ECE67214173B}.Debug|x64.Build.0 = Debug|Any CPU
		{1E5EEA92-FCD2-4F7F-9CE8-ECE67214173B}.Debug|x86.ActiveCfg = Debug|Any CPU
		{1E5EEA92-FCD2-4F7F-9CE8-ECE67214173B}.Debug|x86.Build.0 = Debug|Any CPU
		{1E5EEA92-FCD2-4F7F-9CE8-ECE67214173B}.Release|Any CPU.ActiveCfg = Release|Any CPU
		{1E5EEA92-FCD2-4F7F-9CE8-ECE67214173B}.Release|Any CPU.Build.0 = Release|Any CPU
		{1E5EEA92-FCD2-4F7F-9CE8-ECE67214173B}.Release|Win32.ActiveCfg = Release|Any CPU
		{1E5EEA92-FCD2-4F7F-9CE8-ECE67214173B}.Release|Win32.Build.0 = Release|Any CPU
		{1E5EEA92-FCD2-4F7F-9CE8-ECE67214173B}.Release|x64.ActiveCfg = Release|Any CPU
		{1E5EEA92-FCD2-4F7F-9CE8-ECE67214173B}.Release|x64.Build.0 = Release|Any CPU
		{1E5EEA92-FCD2-4F7F-9CE8-ECE67214173B}.Release|x86.ActiveCfg = Release|Any CPU
		{1E5EEA92-FCD2-4F7F-9CE8-ECE67214173B}.Release|x86.Build.0 = Release|Any CPU
		{5D05B147-35A8-4A10-906E-58C96E2504E4}.Debug|Any CPU.ActiveCfg = Debug|Any CPU
		{5D05B147-35A8-4A10-906E-58C96E2504E4}.Debug|Any CPU.Build.0 = Debug|Any CPU
		{5D05B147-35A8-4A10-906E-58C96E2504E4}.Debug|Win32.ActiveCfg = Debug|Any CPU
		{5D05B147-35A8-4A10-906E-58C96E2504E4}.Debug|Win32.Build.0 = Debug|Any CPU
		{5D05B147-35A8-4A10-906E-58C96E2504E4}.Debug|x64.ActiveCfg = Debug|Any CPU
		{5D05B147-35A8-4A10-906E-58C96E2504E4}.Debug|x64.Build.0 = Debug|Any CPU
		{5D05B147-35A8-4A10-906E-58C96E2504E4}.Debug|x86.ActiveCfg = Debug|Any CPU
		{5D05B147-35A8-4A10-906E-58C96E2504E4}.Debug|x86.Build.0 = Debug|Any CPU
		{5D05B147-35A8-4A10-906E-58C96E2504E4}.Release|Any CPU.ActiveCfg = Release|Any CPU
		{5D05B147-35A8-4A10-906E-58C96E2504E4}.Release|Any CPU.Build.0 = Release|Any CPU
		{5D05B147-35A8-4A10-906E-58C96E2504E4}.Release|Win32.ActiveCfg = Release|Any CPU
		{5D05B147-35A8-4A10-906E-58C96E2504E4}.Release|Win32.Build.0 = Release|Any CPU
		{5D05B147-35A8-4A10-906E-58C96E2504E4}.Release|x64.ActiveCfg = Release|Any CPU
		{5D05B147-35A8-4A10-906E-58C96E2504E4}.Release|x64.Build.0 = Release|Any CPU
		{5D05B147-35A8-4A10-906E-58C96E2504E4}.Release|x86.ActiveCfg = Release|Any CPU
		{5D05B147-35A8-4A10-906E-58C96E2504E4}.Release|x86.Build.0 = Release|Any CPU
		{AF4BA739-45FB-44CD-886C-B0125261FE5B}.Debug|Any CPU.ActiveCfg = Debug|Any CPU
		{AF4BA739-45FB-44CD-886C-B0125261FE5B}.Debug|Any CPU.Build.0 = Debug|Any CPU
		{AF4BA739-45FB-44CD-886C-B0125261FE5B}.Debug|Win32.ActiveCfg = Debug|Any CPU
		{AF4BA739-45FB-44CD-886C-B0125261FE5B}.Debug|Win32.Build.0 = Debug|Any CPU
		{AF4BA739-45FB-44CD-886C-B0125261FE5B}.Debug|x64.ActiveCfg = Debug|Any CPU
		{AF4BA739-45FB-44CD-886C-B0125261FE5B}.Debug|x64.Build.0 = Debug|Any CPU
		{AF4BA739-45FB-44CD-886C-B0125261FE5B}.Debug|x86.ActiveCfg = Debug|Any CPU
		{AF4BA739-45FB-44CD-886C-B0125261FE5B}.Debug|x86.Build.0 = Debug|Any CPU
		{AF4BA739-45FB-44CD-886C-B0125261FE5B}.Release|Any CPU.ActiveCfg = Release|Any CPU
		{AF4BA739-45FB-44CD-886C-B0125261FE5B}.Release|Any CPU.Build.0 = Release|Any CPU
		{AF4BA739-45FB-44CD-886C-B0125261FE5B}.Release|Win32.ActiveCfg = Release|Any CPU
		{AF4BA739-45FB-44CD-886C-B0125261FE5B}.Release|Win32.Build.0 = Release|Any CPU
		{AF4BA739-45FB-44CD-886C-B0125261FE5B}.Release|x64.ActiveCfg = Release|Any CPU
		{AF4BA739-45FB-44CD-886C-B0125261FE5B}.Release|x64.Build.0 = Release|Any CPU
		{AF4BA739-45FB-44CD-886C-B0125261FE5B}.Release|x86.ActiveCfg = Release|Any CPU
		{AF4BA739-45FB-44CD-886C-B0125261FE5B}.Release|x86.Build.0 = Release|Any CPU
		{6DE7B8BF-F51F-49AD-B80D-E28733B86AE2}.Debug|Any CPU.ActiveCfg = Debug|Any CPU
		{6DE7B8BF-F51F-49AD-B80D-E28733B86AE2}.Debug|Any CPU.Build.0 = Debug|Any CPU
		{6DE7B8BF-F51F-49AD-B80D-E28733B86AE2}.Debug|Win32.ActiveCfg = Debug|Any CPU
		{6DE7B8BF-F51F-49AD-B80D-E28733B86AE2}.Debug|Win32.Build.0 = Debug|Any CPU
		{6DE7B8BF-F51F-49AD-B80D-E28733B86AE2}.Debug|x64.ActiveCfg = Debug|Any CPU
		{6DE7B8BF-F51F-49AD-B80D-E28733B86AE2}.Debug|x64.Build.0 = Debug|Any CPU
		{6DE7B8BF-F51F-49AD-B80D-E28733B86AE2}.Debug|x86.ActiveCfg = Debug|Any CPU
		{6DE7B8BF-F51F-49AD-B80D-E28733B86AE2}.Debug|x86.Build.0 = Debug|Any CPU
		{6DE7B8BF-F51F-49AD-B80D-E28733B86AE2}.Release|Any CPU.ActiveCfg = Release|Any CPU
		{6DE7B8BF-F51F-49AD-B80D-E28733B86AE2}.Release|Any CPU.Build.0 = Release|Any CPU
		{6DE7B8BF-F51F-49AD-B80D-E28733B86AE2}.Release|Win32.ActiveCfg = Release|Any CPU
		{6DE7B8BF-F51F-49AD-B80D-E28733B86AE2}.Release|Win32.Build.0 = Release|Any CPU
		{6DE7B8BF-F51F-49AD-B80D-E28733B86AE2}.Release|x64.ActiveCfg = Release|Any CPU
		{6DE7B8BF-F51F-49AD-B80D-E28733B86AE2}.Release|x64.Build.0 = Release|Any CPU
		{6DE7B8BF-F51F-49AD-B80D-E28733B86AE2}.Release|x86.ActiveCfg = Release|Any CPU
		{6DE7B8BF-F51F-49AD-B80D-E28733B86AE2}.Release|x86.Build.0 = Release|Any CPU
		{0E823F6A-007F-4FAF-9819-B561347525EC}.Debug|Any CPU.ActiveCfg = Debug|Any CPU
		{0E823F6A-007F-4FAF-9819-B561347525EC}.Debug|Any CPU.Build.0 = Debug|Any CPU
		{0E823F6A-007F-4FAF-9819-B561347525EC}.Debug|Win32.ActiveCfg = Debug|Any CPU
		{0E823F6A-007F-4FAF-9819-B561347525EC}.Debug|Win32.Build.0 = Debug|Any CPU
		{0E823F6A-007F-4FAF-9819-B561347525EC}.Debug|x64.ActiveCfg = Debug|Any CPU
		{0E823F6A-007F-4FAF-9819-B561347525EC}.Debug|x64.Build.0 = Debug|Any CPU
		{0E823F6A-007F-4FAF-9819-B561347525EC}.Debug|x86.ActiveCfg = Debug|Any CPU
		{0E823F6A-007F-4FAF-9819-B561347525EC}.Debug|x86.Build.0 = Debug|Any CPU
		{0E823F6A-007F-4FAF-9819-B561347525EC}.Release|Any CPU.ActiveCfg = Release|Any CPU
		{0E823F6A-007F-4FAF-9819-B561347525EC}.Release|Any CPU.Build.0 = Release|Any CPU
		{0E823F6A-007F-4FAF-9819-B561347525EC}.Release|Win32.ActiveCfg = Release|Any CPU
		{0E823F6A-007F-4FAF-9819-B561347525EC}.Release|Win32.Build.0 = Release|Any CPU
		{0E823F6A-007F-4FAF-9819-B561347525EC}.Release|x64.ActiveCfg = Release|Any CPU
		{0E823F6A-007F-4FAF-9819-B561347525EC}.Release|x64.Build.0 = Release|Any CPU
		{0E823F6A-007F-4FAF-9819-B561347525EC}.Release|x86.ActiveCfg = Release|Any CPU
		{0E823F6A-007F-4FAF-9819-B561347525EC}.Release|x86.Build.0 = Release|Any CPU
		{C268D63C-9278-480E-B708-CA55FE09EEA3}.Debug|Any CPU.ActiveCfg = Debug|Any CPU
		{C268D63C-9278-480E-B708-CA55FE09EEA3}.Debug|Any CPU.Build.0 = Debug|Any CPU
		{C268D63C-9278-480E-B708-CA55FE09EEA3}.Debug|Win32.ActiveCfg = Debug|Any CPU
		{C268D63C-9278-480E-B708-CA55FE09EEA3}.Debug|Win32.Build.0 = Debug|Any CPU
		{C268D63C-9278-480E-B708-CA55FE09EEA3}.Debug|x64.ActiveCfg = Debug|Any CPU
		{C268D63C-9278-480E-B708-CA55FE09EEA3}.Debug|x64.Build.0 = Debug|Any CPU
		{C268D63C-9278-480E-B708-CA55FE09EEA3}.Debug|x86.ActiveCfg = Debug|Any CPU
		{C268D63C-9278-480E-B708-CA55FE09EEA3}.Debug|x86.Build.0 = Debug|Any CPU
		{C268D63C-9278-480E-B708-CA55FE09EEA3}.Release|Any CPU.ActiveCfg = Release|Any CPU
		{C268D63C-9278-480E-B708-CA55FE09EEA3}.Release|Any CPU.Build.0 = Release|Any CPU
		{C268D63C-9278-480E-B708-CA55FE09EEA3}.Release|Win32.ActiveCfg = Release|Any CPU
		{C268D63C-9278-480E-B708-CA55FE09EEA3}.Release|Win32.Build.0 = Release|Any CPU
		{C268D63C-9278-480E-B708-CA55FE09EEA3}.Release|x64.ActiveCfg = Release|Any CPU
		{C268D63C-9278-480E-B708-CA55FE09EEA3}.Release|x64.Build.0 = Release|Any CPU
		{C268D63C-9278-480E-B708-CA55FE09EEA3}.Release|x86.ActiveCfg = Release|Any CPU
		{C268D63C-9278-480E-B708-CA55FE09EEA3}.Release|x86.Build.0 = Release|Any CPU
		{8F71B962-6367-4050-8386-FACC8A7D8FB5}.Debug|Any CPU.ActiveCfg = Debug|Any CPU
		{8F71B962-6367-4050-8386-FACC8A7D8FB5}.Debug|Any CPU.Build.0 = Debug|Any CPU
		{8F71B962-6367-4050-8386-FACC8A7D8FB5}.Debug|Win32.ActiveCfg = Debug|Any CPU
		{8F71B962-6367-4050-8386-FACC8A7D8FB5}.Debug|Win32.Build.0 = Debug|Any CPU
		{8F71B962-6367-4050-8386-FACC8A7D8FB5}.Debug|x64.ActiveCfg = Debug|Any CPU
		{8F71B962-6367-4050-8386-FACC8A7D8FB5}.Debug|x64.Build.0 = Debug|Any CPU
		{8F71B962-6367-4050-8386-FACC8A7D8FB5}.Debug|x86.ActiveCfg = Debug|Any CPU
		{8F71B962-6367-4050-8386-FACC8A7D8FB5}.Debug|x86.Build.0 = Debug|Any CPU
		{8F71B962-6367-4050-8386-FACC8A7D8FB5}.Release|Any CPU.ActiveCfg = Release|Any CPU
		{8F71B962-6367-4050-8386-FACC8A7D8FB5}.Release|Any CPU.Build.0 = Release|Any CPU
		{8F71B962-6367-4050-8386-FACC8A7D8FB5}.Release|Win32.ActiveCfg = Release|Any CPU
		{8F71B962-6367-4050-8386-FACC8A7D8FB5}.Release|Win32.Build.0 = Release|Any CPU
		{8F71B962-6367-4050-8386-FACC8A7D8FB5}.Release|x64.ActiveCfg = Release|Any CPU
		{8F71B962-6367-4050-8386-FACC8A7D8FB5}.Release|x64.Build.0 = Release|Any CPU
		{8F71B962-6367-4050-8386-FACC8A7D8FB5}.Release|x86.ActiveCfg = Release|Any CPU
		{8F71B962-6367-4050-8386-FACC8A7D8FB5}.Release|x86.Build.0 = Release|Any CPU
		{BC4B7495-6596-487C-865D-D9AE40A22BC5}.Debug|Any CPU.ActiveCfg = Debug|Any CPU
		{BC4B7495-6596-487C-865D-D9AE40A22BC5}.Debug|Any CPU.Build.0 = Debug|Any CPU
		{BC4B7495-6596-487C-865D-D9AE40A22BC5}.Debug|Win32.ActiveCfg = Debug|Any CPU
		{BC4B7495-6596-487C-865D-D9AE40A22BC5}.Debug|Win32.Build.0 = Debug|Any CPU
		{BC4B7495-6596-487C-865D-D9AE40A22BC5}.Debug|x64.ActiveCfg = Debug|Any CPU
		{BC4B7495-6596-487C-865D-D9AE40A22BC5}.Debug|x64.Build.0 = Debug|Any CPU
		{BC4B7495-6596-487C-865D-D9AE40A22BC5}.Debug|x86.ActiveCfg = Debug|Any CPU
		{BC4B7495-6596-487C-865D-D9AE40A22BC5}.Debug|x86.Build.0 = Debug|Any CPU
		{BC4B7495-6596-487C-865D-D9AE40A22BC5}.Release|Any CPU.ActiveCfg = Release|Any CPU
		{BC4B7495-6596-487C-865D-D9AE40A22BC5}.Release|Any CPU.Build.0 = Release|Any CPU
		{BC4B7495-6596-487C-865D-D9AE40A22BC5}.Release|Win32.ActiveCfg = Release|Any CPU
		{BC4B7495-6596-487C-865D-D9AE40A22BC5}.Release|Win32.Build.0 = Release|Any CPU
		{BC4B7495-6596-487C-865D-D9AE40A22BC5}.Release|x64.ActiveCfg = Release|Any CPU
		{BC4B7495-6596-487C-865D-D9AE40A22BC5}.Release|x64.Build.0 = Release|Any CPU
		{BC4B7495-6596-487C-865D-D9AE40A22BC5}.Release|x86.ActiveCfg = Release|Any CPU
		{BC4B7495-6596-487C-865D-D9AE40A22BC5}.Release|x86.Build.0 = Release|Any CPU
		{DCC89D39-3CF9-4E38-87D7-F473DA500AD0}.Debug|Any CPU.ActiveCfg = Debug|Any CPU
		{DCC89D39-3CF9-4E38-87D7-F473DA500AD0}.Debug|Any CPU.Build.0 = Debug|Any CPU
		{DCC89D39-3CF9-4E38-87D7-F473DA500AD0}.Debug|Win32.ActiveCfg = Debug|Any CPU
		{DCC89D39-3CF9-4E38-87D7-F473DA500AD0}.Debug|Win32.Build.0 = Debug|Any CPU
		{DCC89D39-3CF9-4E38-87D7-F473DA500AD0}.Debug|x64.ActiveCfg = Debug|Any CPU
		{DCC89D39-3CF9-4E38-87D7-F473DA500AD0}.Debug|x64.Build.0 = Debug|Any CPU
		{DCC89D39-3CF9-4E38-87D7-F473DA500AD0}.Debug|x86.ActiveCfg = Debug|Any CPU
		{DCC89D39-3CF9-4E38-87D7-F473DA500AD0}.Debug|x86.Build.0 = Debug|Any CPU
		{DCC89D39-3CF9-4E38-87D7-F473DA500AD0}.Release|Any CPU.ActiveCfg = Release|Any CPU
		{DCC89D39-3CF9-4E38-87D7-F473DA500AD0}.Release|Any CPU.Build.0 = Release|Any CPU
		{DCC89D39-3CF9-4E38-87D7-F473DA500AD0}.Release|Win32.ActiveCfg = Release|Any CPU
		{DCC89D39-3CF9-4E38-87D7-F473DA500AD0}.Release|Win32.Build.0 = Release|Any CPU
		{DCC89D39-3CF9-4E38-87D7-F473DA500AD0}.Release|x64.ActiveCfg = Release|Any CPU
		{DCC89D39-3CF9-4E38-87D7-F473DA500AD0}.Release|x64.Build.0 = Release|Any CPU
		{DCC89D39-3CF9-4E38-87D7-F473DA500AD0}.Release|x86.ActiveCfg = Release|Any CPU
		{DCC89D39-3CF9-4E38-87D7-F473DA500AD0}.Release|x86.Build.0 = Release|Any CPU
		{7A0B51C8-FD17-4627-B3BF-931904558D03}.Debug|Any CPU.ActiveCfg = Debug|Any CPU
		{7A0B51C8-FD17-4627-B3BF-931904558D03}.Debug|Any CPU.Build.0 = Debug|Any CPU
		{7A0B51C8-FD17-4627-B3BF-931904558D03}.Debug|Win32.ActiveCfg = Debug|Any CPU
		{7A0B51C8-FD17-4627-B3BF-931904558D03}.Debug|Win32.Build.0 = Debug|Any CPU
		{7A0B51C8-FD17-4627-B3BF-931904558D03}.Debug|x64.ActiveCfg = Debug|Any CPU
		{7A0B51C8-FD17-4627-B3BF-931904558D03}.Debug|x64.Build.0 = Debug|Any CPU
		{7A0B51C8-FD17-4627-B3BF-931904558D03}.Debug|x86.ActiveCfg = Debug|Any CPU
		{7A0B51C8-FD17-4627-B3BF-931904558D03}.Debug|x86.Build.0 = Debug|Any CPU
		{7A0B51C8-FD17-4627-B3BF-931904558D03}.Release|Any CPU.ActiveCfg = Release|Any CPU
		{7A0B51C8-FD17-4627-B3BF-931904558D03}.Release|Any CPU.Build.0 = Release|Any CPU
		{7A0B51C8-FD17-4627-B3BF-931904558D03}.Release|Win32.ActiveCfg = Release|Any CPU
		{7A0B51C8-FD17-4627-B3BF-931904558D03}.Release|Win32.Build.0 = Release|Any CPU
		{7A0B51C8-FD17-4627-B3BF-931904558D03}.Release|x64.ActiveCfg = Release|Any CPU
		{7A0B51C8-FD17-4627-B3BF-931904558D03}.Release|x64.Build.0 = Release|Any CPU
		{7A0B51C8-FD17-4627-B3BF-931904558D03}.Release|x86.ActiveCfg = Release|Any CPU
		{7A0B51C8-FD17-4627-B3BF-931904558D03}.Release|x86.Build.0 = Release|Any CPU
		{5C5793DF-5E7C-4872-BED4-D17CEDAE827A}.Debug|Any CPU.ActiveCfg = Debug|Any CPU
		{5C5793DF-5E7C-4872-BED4-D17CEDAE827A}.Debug|Any CPU.Build.0 = Debug|Any CPU
		{5C5793DF-5E7C-4872-BED4-D17CEDAE827A}.Debug|Win32.ActiveCfg = Debug|Any CPU
		{5C5793DF-5E7C-4872-BED4-D17CEDAE827A}.Debug|Win32.Build.0 = Debug|Any CPU
		{5C5793DF-5E7C-4872-BED4-D17CEDAE827A}.Debug|x64.ActiveCfg = Debug|Any CPU
		{5C5793DF-5E7C-4872-BED4-D17CEDAE827A}.Debug|x64.Build.0 = Debug|Any CPU
		{5C5793DF-5E7C-4872-BED4-D17CEDAE827A}.Debug|x86.ActiveCfg = Debug|Any CPU
		{5C5793DF-5E7C-4872-BED4-D17CEDAE827A}.Debug|x86.Build.0 = Debug|Any CPU
		{5C5793DF-5E7C-4872-BED4-D17CEDAE827A}.Release|Any CPU.ActiveCfg = Release|Any CPU
		{5C5793DF-5E7C-4872-BED4-D17CEDAE827A}.Release|Any CPU.Build.0 = Release|Any CPU
		{5C5793DF-5E7C-4872-BED4-D17CEDAE827A}.Release|Win32.ActiveCfg = Release|Any CPU
		{5C5793DF-5E7C-4872-BED4-D17CEDAE827A}.Release|Win32.Build.0 = Release|Any CPU
		{5C5793DF-5E7C-4872-BED4-D17CEDAE827A}.Release|x64.ActiveCfg = Release|Any CPU
		{5C5793DF-5E7C-4872-BED4-D17CEDAE827A}.Release|x64.Build.0 = Release|Any CPU
		{5C5793DF-5E7C-4872-BED4-D17CEDAE827A}.Release|x86.ActiveCfg = Release|Any CPU
		{5C5793DF-5E7C-4872-BED4-D17CEDAE827A}.Release|x86.Build.0 = Release|Any CPU
		{A0659587-35F6-4F91-A65C-8DD264E4DCA1}.Debug|Any CPU.ActiveCfg = Debug|Any CPU
		{A0659587-35F6-4F91-A65C-8DD264E4DCA1}.Debug|Any CPU.Build.0 = Debug|Any CPU
		{A0659587-35F6-4F91-A65C-8DD264E4DCA1}.Debug|Win32.ActiveCfg = Debug|Any CPU
		{A0659587-35F6-4F91-A65C-8DD264E4DCA1}.Debug|Win32.Build.0 = Debug|Any CPU
		{A0659587-35F6-4F91-A65C-8DD264E4DCA1}.Debug|x64.ActiveCfg = Debug|Any CPU
		{A0659587-35F6-4F91-A65C-8DD264E4DCA1}.Debug|x64.Build.0 = Debug|Any CPU
		{A0659587-35F6-4F91-A65C-8DD264E4DCA1}.Debug|x86.ActiveCfg = Debug|Any CPU
		{A0659587-35F6-4F91-A65C-8DD264E4DCA1}.Debug|x86.Build.0 = Debug|Any CPU
		{A0659587-35F6-4F91-A65C-8DD264E4DCA1}.Release|Any CPU.ActiveCfg = Release|Any CPU
		{A0659587-35F6-4F91-A65C-8DD264E4DCA1}.Release|Any CPU.Build.0 = Release|Any CPU
		{A0659587-35F6-4F91-A65C-8DD264E4DCA1}.Release|Win32.ActiveCfg = Release|Any CPU
		{A0659587-35F6-4F91-A65C-8DD264E4DCA1}.Release|Win32.Build.0 = Release|Any CPU
		{A0659587-35F6-4F91-A65C-8DD264E4DCA1}.Release|x64.ActiveCfg = Release|Any CPU
		{A0659587-35F6-4F91-A65C-8DD264E4DCA1}.Release|x64.Build.0 = Release|Any CPU
		{A0659587-35F6-4F91-A65C-8DD264E4DCA1}.Release|x86.ActiveCfg = Release|Any CPU
		{A0659587-35F6-4F91-A65C-8DD264E4DCA1}.Release|x86.Build.0 = Release|Any CPU
		{905248D9-39DE-447E-962F-9FF023A2F8AC}.Debug|Any CPU.ActiveCfg = Debug|Any CPU
		{905248D9-39DE-447E-962F-9FF023A2F8AC}.Debug|Any CPU.Build.0 = Debug|Any CPU
		{905248D9-39DE-447E-962F-9FF023A2F8AC}.Debug|Win32.ActiveCfg = Debug|Any CPU
		{905248D9-39DE-447E-962F-9FF023A2F8AC}.Debug|Win32.Build.0 = Debug|Any CPU
		{905248D9-39DE-447E-962F-9FF023A2F8AC}.Debug|x64.ActiveCfg = Debug|Any CPU
		{905248D9-39DE-447E-962F-9FF023A2F8AC}.Debug|x64.Build.0 = Debug|Any CPU
		{905248D9-39DE-447E-962F-9FF023A2F8AC}.Debug|x86.ActiveCfg = Debug|Any CPU
		{905248D9-39DE-447E-962F-9FF023A2F8AC}.Debug|x86.Build.0 = Debug|Any CPU
		{905248D9-39DE-447E-962F-9FF023A2F8AC}.Release|Any CPU.ActiveCfg = Release|Any CPU
		{905248D9-39DE-447E-962F-9FF023A2F8AC}.Release|Any CPU.Build.0 = Release|Any CPU
		{905248D9-39DE-447E-962F-9FF023A2F8AC}.Release|Win32.ActiveCfg = Release|Any CPU
		{905248D9-39DE-447E-962F-9FF023A2F8AC}.Release|Win32.Build.0 = Release|Any CPU
		{905248D9-39DE-447E-962F-9FF023A2F8AC}.Release|x64.ActiveCfg = Release|Any CPU
		{905248D9-39DE-447E-962F-9FF023A2F8AC}.Release|x64.Build.0 = Release|Any CPU
		{905248D9-39DE-447E-962F-9FF023A2F8AC}.Release|x86.ActiveCfg = Release|Any CPU
		{905248D9-39DE-447E-962F-9FF023A2F8AC}.Release|x86.Build.0 = Release|Any CPU
		{FB12FBE4-CEAA-422F-AC23-A32D26B0ABF7}.Debug|Any CPU.ActiveCfg = Debug|Any CPU
		{FB12FBE4-CEAA-422F-AC23-A32D26B0ABF7}.Debug|Any CPU.Build.0 = Debug|Any CPU
		{FB12FBE4-CEAA-422F-AC23-A32D26B0ABF7}.Debug|Win32.ActiveCfg = Debug|Any CPU
		{FB12FBE4-CEAA-422F-AC23-A32D26B0ABF7}.Debug|Win32.Build.0 = Debug|Any CPU
		{FB12FBE4-CEAA-422F-AC23-A32D26B0ABF7}.Debug|x64.ActiveCfg = Debug|Any CPU
		{FB12FBE4-CEAA-422F-AC23-A32D26B0ABF7}.Debug|x64.Build.0 = Debug|Any CPU
		{FB12FBE4-CEAA-422F-AC23-A32D26B0ABF7}.Debug|x86.ActiveCfg = Debug|Any CPU
		{FB12FBE4-CEAA-422F-AC23-A32D26B0ABF7}.Debug|x86.Build.0 = Debug|Any CPU
		{FB12FBE4-CEAA-422F-AC23-A32D26B0ABF7}.Release|Any CPU.ActiveCfg = Release|Any CPU
		{FB12FBE4-CEAA-422F-AC23-A32D26B0ABF7}.Release|Any CPU.Build.0 = Release|Any CPU
		{FB12FBE4-CEAA-422F-AC23-A32D26B0ABF7}.Release|Win32.ActiveCfg = Release|Any CPU
		{FB12FBE4-CEAA-422F-AC23-A32D26B0ABF7}.Release|Win32.Build.0 = Release|Any CPU
		{FB12FBE4-CEAA-422F-AC23-A32D26B0ABF7}.Release|x64.ActiveCfg = Release|Any CPU
		{FB12FBE4-CEAA-422F-AC23-A32D26B0ABF7}.Release|x64.Build.0 = Release|Any CPU
		{FB12FBE4-CEAA-422F-AC23-A32D26B0ABF7}.Release|x86.ActiveCfg = Release|Any CPU
		{FB12FBE4-CEAA-422F-AC23-A32D26B0ABF7}.Release|x86.Build.0 = Release|Any CPU
		{58BB5A51-5928-4A83-9400-AC1C62EA446B}.Debug|Any CPU.ActiveCfg = Debug|Any CPU
		{58BB5A51-5928-4A83-9400-AC1C62EA446B}.Debug|Any CPU.Build.0 = Debug|Any CPU
		{58BB5A51-5928-4A83-9400-AC1C62EA446B}.Debug|Win32.ActiveCfg = Debug|Any CPU
		{58BB5A51-5928-4A83-9400-AC1C62EA446B}.Debug|Win32.Build.0 = Debug|Any CPU
		{58BB5A51-5928-4A83-9400-AC1C62EA446B}.Debug|x64.ActiveCfg = Debug|Any CPU
		{58BB5A51-5928-4A83-9400-AC1C62EA446B}.Debug|x64.Build.0 = Debug|Any CPU
		{58BB5A51-5928-4A83-9400-AC1C62EA446B}.Debug|x86.ActiveCfg = Debug|Any CPU
		{58BB5A51-5928-4A83-9400-AC1C62EA446B}.Debug|x86.Build.0 = Debug|Any CPU
		{58BB5A51-5928-4A83-9400-AC1C62EA446B}.Release|Any CPU.ActiveCfg = Release|Any CPU
		{58BB5A51-5928-4A83-9400-AC1C62EA446B}.Release|Any CPU.Build.0 = Release|Any CPU
		{58BB5A51-5928-4A83-9400-AC1C62EA446B}.Release|Win32.ActiveCfg = Release|Any CPU
		{58BB5A51-5928-4A83-9400-AC1C62EA446B}.Release|Win32.Build.0 = Release|Any CPU
		{58BB5A51-5928-4A83-9400-AC1C62EA446B}.Release|x64.ActiveCfg = Release|Any CPU
		{58BB5A51-5928-4A83-9400-AC1C62EA446B}.Release|x64.Build.0 = Release|Any CPU
		{58BB5A51-5928-4A83-9400-AC1C62EA446B}.Release|x86.ActiveCfg = Release|Any CPU
		{58BB5A51-5928-4A83-9400-AC1C62EA446B}.Release|x86.Build.0 = Release|Any CPU
		{90BF97BD-7BF3-47D3-A575-E9AD85FBE336}.Debug|Any CPU.ActiveCfg = Debug|Any CPU
		{90BF97BD-7BF3-47D3-A575-E9AD85FBE336}.Debug|Any CPU.Build.0 = Debug|Any CPU
		{90BF97BD-7BF3-47D3-A575-E9AD85FBE336}.Debug|Win32.ActiveCfg = Debug|Any CPU
		{90BF97BD-7BF3-47D3-A575-E9AD85FBE336}.Debug|Win32.Build.0 = Debug|Any CPU
		{90BF97BD-7BF3-47D3-A575-E9AD85FBE336}.Debug|x64.ActiveCfg = Debug|Any CPU
		{90BF97BD-7BF3-47D3-A575-E9AD85FBE336}.Debug|x64.Build.0 = Debug|Any CPU
		{90BF97BD-7BF3-47D3-A575-E9AD85FBE336}.Debug|x86.ActiveCfg = Debug|Any CPU
		{90BF97BD-7BF3-47D3-A575-E9AD85FBE336}.Debug|x86.Build.0 = Debug|Any CPU
		{90BF97BD-7BF3-47D3-A575-E9AD85FBE336}.Release|Any CPU.ActiveCfg = Release|Any CPU
		{90BF97BD-7BF3-47D3-A575-E9AD85FBE336}.Release|Any CPU.Build.0 = Release|Any CPU
		{90BF97BD-7BF3-47D3-A575-E9AD85FBE336}.Release|Win32.ActiveCfg = Release|Any CPU
		{90BF97BD-7BF3-47D3-A575-E9AD85FBE336}.Release|Win32.Build.0 = Release|Any CPU
		{90BF97BD-7BF3-47D3-A575-E9AD85FBE336}.Release|x64.ActiveCfg = Release|Any CPU
		{90BF97BD-7BF3-47D3-A575-E9AD85FBE336}.Release|x64.Build.0 = Release|Any CPU
		{90BF97BD-7BF3-47D3-A575-E9AD85FBE336}.Release|x86.ActiveCfg = Release|Any CPU
		{90BF97BD-7BF3-47D3-A575-E9AD85FBE336}.Release|x86.Build.0 = Release|Any CPU
		{7731A959-10DE-4F06-CBE3-2A9C0CE8B9C3}.Debug|Any CPU.ActiveCfg = Debug|Any CPU
		{7731A959-10DE-4F06-CBE3-2A9C0CE8B9C3}.Debug|Any CPU.Build.0 = Debug|Any CPU
		{7731A959-10DE-4F06-CBE3-2A9C0CE8B9C3}.Debug|Win32.ActiveCfg = Debug|Any CPU
		{7731A959-10DE-4F06-CBE3-2A9C0CE8B9C3}.Debug|Win32.Build.0 = Debug|Any CPU
		{7731A959-10DE-4F06-CBE3-2A9C0CE8B9C3}.Debug|x64.ActiveCfg = Debug|Any CPU
		{7731A959-10DE-4F06-CBE3-2A9C0CE8B9C3}.Debug|x64.Build.0 = Debug|Any CPU
		{7731A959-10DE-4F06-CBE3-2A9C0CE8B9C3}.Debug|x86.ActiveCfg = Debug|Any CPU
		{7731A959-10DE-4F06-CBE3-2A9C0CE8B9C3}.Debug|x86.Build.0 = Debug|Any CPU
		{7731A959-10DE-4F06-CBE3-2A9C0CE8B9C3}.Release|Any CPU.ActiveCfg = Release|Any CPU
		{7731A959-10DE-4F06-CBE3-2A9C0CE8B9C3}.Release|Any CPU.Build.0 = Release|Any CPU
		{7731A959-10DE-4F06-CBE3-2A9C0CE8B9C3}.Release|Win32.ActiveCfg = Release|Any CPU
		{7731A959-10DE-4F06-CBE3-2A9C0CE8B9C3}.Release|Win32.Build.0 = Release|Any CPU
		{7731A959-10DE-4F06-CBE3-2A9C0CE8B9C3}.Release|x64.ActiveCfg = Release|Any CPU
		{7731A959-10DE-4F06-CBE3-2A9C0CE8B9C3}.Release|x64.Build.0 = Release|Any CPU
		{7731A959-10DE-4F06-CBE3-2A9C0CE8B9C3}.Release|x86.ActiveCfg = Release|Any CPU
		{7731A959-10DE-4F06-CBE3-2A9C0CE8B9C3}.Release|x86.Build.0 = Release|Any CPU
		{0CD771AA-583C-4037-93A4-1F5F472934A9}.Debug|Any CPU.ActiveCfg = Debug|Any CPU
		{0CD771AA-583C-4037-93A4-1F5F472934A9}.Debug|Any CPU.Build.0 = Debug|Any CPU
		{0CD771AA-583C-4037-93A4-1F5F472934A9}.Debug|Win32.ActiveCfg = Debug|Any CPU
		{0CD771AA-583C-4037-93A4-1F5F472934A9}.Debug|Win32.Build.0 = Debug|Any CPU
		{0CD771AA-583C-4037-93A4-1F5F472934A9}.Debug|x64.ActiveCfg = Debug|Any CPU
		{0CD771AA-583C-4037-93A4-1F5F472934A9}.Debug|x64.Build.0 = Debug|Any CPU
		{0CD771AA-583C-4037-93A4-1F5F472934A9}.Debug|x86.ActiveCfg = Debug|Any CPU
		{0CD771AA-583C-4037-93A4-1F5F472934A9}.Debug|x86.Build.0 = Debug|Any CPU
		{0CD771AA-583C-4037-93A4-1F5F472934A9}.Release|Any CPU.ActiveCfg = Release|Any CPU
		{0CD771AA-583C-4037-93A4-1F5F472934A9}.Release|Any CPU.Build.0 = Release|Any CPU
		{0CD771AA-583C-4037-93A4-1F5F472934A9}.Release|Win32.ActiveCfg = Release|Any CPU
		{0CD771AA-583C-4037-93A4-1F5F472934A9}.Release|Win32.Build.0 = Release|Any CPU
		{0CD771AA-583C-4037-93A4-1F5F472934A9}.Release|x64.ActiveCfg = Release|Any CPU
		{0CD771AA-583C-4037-93A4-1F5F472934A9}.Release|x64.Build.0 = Release|Any CPU
		{0CD771AA-583C-4037-93A4-1F5F472934A9}.Release|x86.ActiveCfg = Release|Any CPU
		{0CD771AA-583C-4037-93A4-1F5F472934A9}.Release|x86.Build.0 = Release|Any CPU
		{58CD6FF8-8AAD-455A-86FA-8678FB8C8C4A}.Debug|Any CPU.ActiveCfg = Debug|Any CPU
		{58CD6FF8-8AAD-455A-86FA-8678FB8C8C4A}.Debug|Any CPU.Build.0 = Debug|Any CPU
		{58CD6FF8-8AAD-455A-86FA-8678FB8C8C4A}.Debug|Win32.ActiveCfg = Debug|Any CPU
		{58CD6FF8-8AAD-455A-86FA-8678FB8C8C4A}.Debug|Win32.Build.0 = Debug|Any CPU
		{58CD6FF8-8AAD-455A-86FA-8678FB8C8C4A}.Debug|x64.ActiveCfg = Debug|Any CPU
		{58CD6FF8-8AAD-455A-86FA-8678FB8C8C4A}.Debug|x64.Build.0 = Debug|Any CPU
		{58CD6FF8-8AAD-455A-86FA-8678FB8C8C4A}.Debug|x86.ActiveCfg = Debug|Any CPU
		{58CD6FF8-8AAD-455A-86FA-8678FB8C8C4A}.Debug|x86.Build.0 = Debug|Any CPU
		{58CD6FF8-8AAD-455A-86FA-8678FB8C8C4A}.Release|Any CPU.ActiveCfg = Release|Any CPU
		{58CD6FF8-8AAD-455A-86FA-8678FB8C8C4A}.Release|Any CPU.Build.0 = Release|Any CPU
		{58CD6FF8-8AAD-455A-86FA-8678FB8C8C4A}.Release|Win32.ActiveCfg = Release|Any CPU
		{58CD6FF8-8AAD-455A-86FA-8678FB8C8C4A}.Release|Win32.Build.0 = Release|Any CPU
		{58CD6FF8-8AAD-455A-86FA-8678FB8C8C4A}.Release|x64.ActiveCfg = Release|Any CPU
		{58CD6FF8-8AAD-455A-86FA-8678FB8C8C4A}.Release|x64.Build.0 = Release|Any CPU
		{58CD6FF8-8AAD-455A-86FA-8678FB8C8C4A}.Release|x86.ActiveCfg = Release|Any CPU
		{58CD6FF8-8AAD-455A-86FA-8678FB8C8C4A}.Release|x86.Build.0 = Release|Any CPU
	EndGlobalSection
	GlobalSection(SolutionProperties) = preSolution
		HideSolutionNode = FALSE
	EndGlobalSection
	GlobalSection(NestedProjects) = preSolution
		{C817858E-0656-4211-934B-C672998EDDB3} = {2B5ADD00-9FA5-4839-A06C-21FA6C02FE8E}
		{DB2443BF-7C7E-4E62-BF95-304280073190} = {2B5ADD00-9FA5-4839-A06C-21FA6C02FE8E}
		{8E623BB1-1B7B-4F8E-A051-72F53A9AB620} = {2B5ADD00-9FA5-4839-A06C-21FA6C02FE8E}
		{1E5EEA92-FCD2-4F7F-9CE8-ECE67214173B} = {2B5ADD00-9FA5-4839-A06C-21FA6C02FE8E}
		{5D05B147-35A8-4A10-906E-58C96E2504E4} = {2B5ADD00-9FA5-4839-A06C-21FA6C02FE8E}
		{AF4BA739-45FB-44CD-886C-B0125261FE5B} = {A34E454D-EDFF-4AE3-806D-F17D3E19FF66}
		{6DE7B8BF-F51F-49AD-B80D-E28733B86AE2} = {C359E65D-9D40-44E4-A256-4C75A6438CCA}
		{0E823F6A-007F-4FAF-9819-B561347525EC} = {2B5ADD00-9FA5-4839-A06C-21FA6C02FE8E}
		{C268D63C-9278-480E-B708-CA55FE09EEA3} = {2B5ADD00-9FA5-4839-A06C-21FA6C02FE8E}
		{8F71B962-6367-4050-8386-FACC8A7D8FB5} = {A34E454D-EDFF-4AE3-806D-F17D3E19FF66}
		{BC4B7495-6596-487C-865D-D9AE40A22BC5} = {A34E454D-EDFF-4AE3-806D-F17D3E19FF66}
		{DCC89D39-3CF9-4E38-87D7-F473DA500AD0} = {A34E454D-EDFF-4AE3-806D-F17D3E19FF66}
		{7A0B51C8-FD17-4627-B3BF-931904558D03} = {02EA681E-C7D8-13C7-8484-4AC65E1B71E8}
		{5C5793DF-5E7C-4872-BED4-D17CEDAE827A} = {02EA681E-C7D8-13C7-8484-4AC65E1B71E8}
		{A0659587-35F6-4F91-A65C-8DD264E4DCA1} = {A34E454D-EDFF-4AE3-806D-F17D3E19FF66}
		{905248D9-39DE-447E-962F-9FF023A2F8AC} = {A34E454D-EDFF-4AE3-806D-F17D3E19FF66}
		{FB12FBE4-CEAA-422F-AC23-A32D26B0ABF7} = {02EA681E-C7D8-13C7-8484-4AC65E1B71E8}
		{58BB5A51-5928-4A83-9400-AC1C62EA446B} = {02EA681E-C7D8-13C7-8484-4AC65E1B71E8}
		{90BF97BD-7BF3-47D3-A575-E9AD85FBE336} = {C359E65D-9D40-44E4-A256-4C75A6438CCA}
		{7731A959-10DE-4F06-CBE3-2A9C0CE8B9C3} = {C359E65D-9D40-44E4-A256-4C75A6438CCA}
		{0CD771AA-583C-4037-93A4-1F5F472934A9} = {2B5ADD00-9FA5-4839-A06C-21FA6C02FE8E}
		{58CD6FF8-8AAD-455A-86FA-8678FB8C8C4A} = {A34E454D-EDFF-4AE3-806D-F17D3E19FF66}
	EndGlobalSection
	GlobalSection(ExtensibilityGlobals) = postSolution
		SolutionGuid = {1D542335-5812-4666-9874-ACFCC515267C}
	EndGlobalSection
EndGlobal
