<?xml version="1.0" encoding="utf-8"?>
<Project ToolsVersion="4.0" xmlns="http://schemas.microsoft.com/developer/msbuild/2003">
  <ItemGroup>
    <ClCompile Include="..\Navigation\MoveMap.cpp">
      <Filter>Source Files</Filter>
    </ClCompile>
    <ClCompile Include="..\Navigation\Navigation.cpp">
      <Filter>Source Files</Filter>
    </ClCompile>
    <ClCompile Include="..\Navigation\PathFinder.cpp">
      <Filter>Source Files</Filter>
    </ClCompile>
    <ClCompile Include="..\Navigation\DllMain.cpp">
      <Filter>Source Files</Filter>
    </ClCompile>
  </ItemGroup>
  <ItemGroup>
    <ClInclude Include="..\Navigation\MoveMap.h">
      <Filter>Header Files</Filter>
    </ClInclude>
    <ClInclude Include="..\Navigation\MoveMapSharedDefines.h">
      <Filter>Header Files</Filter>
    </ClInclude>
    <ClInclude Include="..\Navigation\PathFinder.h">
      <Filter>Header Files</Filter>
    </ClInclude>
    <ClInclude Include="..\Navigation\Navigation.h">
      <Filter>Header Files</Filter>
    </ClInclude>
  </ItemGroup>
  <ItemGroup>
    <Filter Include="Header Files">
      <UniqueIdentifier>{725d0dbc-db66-419e-a198-bf8346871410}</UniqueIdentifier>
    </Filter>
    <Filter Include="Source Files">
      <UniqueIdentifier>{464c4924-20b6-4a8a-bd2f-dad2726d9d69}</UniqueIdentifier>
    </Filter>
  </ItemGroup>
</Project>